// !$*UTF8*$!
{
	archiveVersion = 1;
	classes = {
	};
	objectVersion = 46;
	objects = {

/* Begin PBXAggregateTarget section */
		1E3071B79CDC4246854B7AED /* install */ = {
			isa = PBXAggregateTarget;
			buildConfigurationList = 325EE535B81E48B3B9999B79 /* Build configuration list for PBXAggregateTarget "install" */;
			buildPhases = (
				D993FB0395CF41ACB9384647 /* CMake PostBuild Rules */,
			);
			dependencies = (
				67B103CA422D423DB6BE098F /* PBXTargetDependency */,
			);
			name = install;
			productName = install;
		};
		4374F4108DA8453D83DE55C8 /* ZERO_CHECK */ = {
			isa = PBXAggregateTarget;
			buildConfigurationList = F406DB02415349EFB9678872 /* Build configuration list for PBXAggregateTarget "ZERO_CHECK" */;
			buildPhases = (
				B061205258704B9CA76770FB /* CMake Rules */,
			);
			dependencies = (
			);
			name = ZERO_CHECK;
			productName = ZERO_CHECK;
		};
		F1970D5F19C647B5999231CF /* ALL_BUILD */ = {
			isa = PBXAggregateTarget;
			buildConfigurationList = 1DFA52965A8A48DFB6DE957B /* Build configuration list for PBXAggregateTarget "ALL_BUILD" */;
			buildPhases = (
				D790BFACDFE34E6BBF7515A2 /* CMake Rules */,
			);
			dependencies = (
				7C8C1B38D9EE4D6D88E05A7F /* PBXTargetDependency */,
				4EA47A4C98A34A6A89C03C8E /* PBXTargetDependency */,
				F3E3424E9C7C4020B3D17A77 /* PBXTargetDependency */,
				9064A2A314ED4CE795BEC741 /* PBXTargetDependency */,
			);
			name = ALL_BUILD;
			productName = ALL_BUILD;
		};
		FD844403FAF44CB880D4A380 /* uninstall */ = {
			isa = PBXAggregateTarget;
			buildConfigurationList = 4F74DAF9911B42BF927A7497 /* Build configuration list for PBXAggregateTarget "uninstall" */;
			buildPhases = (
				117231A30F9447F0B5325C07 /* CMake Rules */,
			);
			dependencies = (
			);
			name = uninstall;
			productName = uninstall;
		};
/* End PBXAggregateTarget section */

/* Begin PBXBuildFile section */
		25FB5E4F6A5F4FF0A869A732 /* /Users/liuzhao/Scotty3D/CMU462/src/complex.cpp */ = {isa = PBXBuildFile; fileRef = F2BEB89953D2442397494E1F /* /Users/liuzhao/Scotty3D/CMU462/src/complex.cpp */; };
		27CB6BC375A64AFAB3446124 /* /Users/liuzhao/Scotty3D/CMU462/src/tinyxml2.cpp */ = {isa = PBXBuildFile; fileRef = 0EA24E240CBE4EF989DA37B6 /* /Users/liuzhao/Scotty3D/CMU462/src/tinyxml2.cpp */; };
		2BCE765F389548E5AED15290 /* /Users/liuzhao/Scotty3D/CMU462/src/quaternion.cpp */ = {isa = PBXBuildFile; fileRef = D3F32C0241FF4E52AE982EA1 /* /Users/liuzhao/Scotty3D/CMU462/src/quaternion.cpp */; };
		32A19B1789AC418289DF47E9 /* /Users/liuzhao/Scotty3D/CMU462/src/lodepng.cpp */ = {isa = PBXBuildFile; fileRef = FEE092844A3540F2BDC52333 /* /Users/liuzhao/Scotty3D/CMU462/src/lodepng.cpp */; };
		3A4CAD5E070B40B4B9FEAC60 /* /Users/liuzhao/Scotty3D/CMU462/deps/glfw/src/nsgl_context.m */ = {isa = PBXBuildFile; fileRef = CD40A68B8C9A447C9463B0AC /* /Users/liuzhao/Scotty3D/CMU462/deps/glfw/src/nsgl_context.m */; };
		3B0D6FB2F5214383A5342911 /* /Users/liuzhao/Scotty3D/CMU462/src/spectrum.cpp */ = {isa = PBXBuildFile; fileRef = D8D58F65802543B78C5EAC9D /* /Users/liuzhao/Scotty3D/CMU462/src/spectrum.cpp */; };
		3E6DCC95E07C4815BEEC29C2 /* /Users/liuzhao/Scotty3D/macbook/CMU462/deps/glfw/src/glfw_config.h */ = {isa = PBXBuildFile; fileRef = 82B5788D4ECD4FE7AE9FB1E5 /* /Users/liuzhao/Scotty3D/macbook/CMU462/deps/glfw/src/glfw_config.h */; };
		3E9978BE1D3A43CEA737EC35 /* /Users/liuzhao/Scotty3D/CMU462/src/osdfont.cpp */ = {isa = PBXBuildFile; fileRef = F45B293AD50846BA8D4111AA /* /Users/liuzhao/Scotty3D/CMU462/src/osdfont.cpp */; };
		43BE409FEC2F4AB28E81F8E3 /* /Users/liuzhao/Scotty3D/CMU462/src/base64.cpp */ = {isa = PBXBuildFile; fileRef = 66B622FC49774180AA4460E6 /* /Users/liuzhao/Scotty3D/CMU462/src/base64.cpp */; };
		4B54BBE0BF7342DF9CBC6A2E /* /Users/liuzhao/Scotty3D/CMU462/deps/glfw/src/monitor.c */ = {isa = PBXBuildFile; fileRef = 59ED25908CEE44F08668B89E /* /Users/liuzhao/Scotty3D/CMU462/deps/glfw/src/monitor.c */; };
		5054CEBC968C4CF9B4EE50A2 /* /Users/liuzhao/Scotty3D/CMU462/deps/glfw/src/cocoa_monitor.m */ = {isa = PBXBuildFile; fileRef = CDD60DD94E554FA4BDFB126E /* /Users/liuzhao/Scotty3D/CMU462/deps/glfw/src/cocoa_monitor.m */; };
		58B75AF01662416DB7E2A251 /* /Users/liuzhao/Scotty3D/CMU462/src/matrix3x3.cpp */ = {isa = PBXBuildFile; fileRef = 693473082CB749AE972EB055 /* /Users/liuzhao/Scotty3D/CMU462/src/matrix3x3.cpp */; };
		5A82B4C56D864811AE676931 /* /Users/liuzhao/Scotty3D/CMU462/deps/glfw/src/posix_tls.h */ = {isa = PBXBuildFile; fileRef = 44B1F568B1F043B5BEF570F0 /* /Users/liuzhao/Scotty3D/CMU462/deps/glfw/src/posix_tls.h */; };
		5B03BE8A1E3C4034A895A180 /* /Users/liuzhao/Scotty3D/CMU462/deps/glfw/src/mach_time.c */ = {isa = PBXBuildFile; fileRef = 292D83F6F5A548EE98D1D2BB /* /Users/liuzhao/Scotty3D/CMU462/deps/glfw/src/mach_time.c */; };
		5D6E08EEFEC148EC8EFFF6FA /* /Users/liuzhao/Scotty3D/CMU462/deps/glfw/src/internal.h */ = {isa = PBXBuildFile; fileRef = 2B89513E85D2460C9C36BA60 /* /Users/liuzhao/Scotty3D/CMU462/deps/glfw/src/internal.h */; };
		5D839FFD0C2D4933A51617AA /* /Users/liuzhao/Scotty3D/CMU462/deps/glfw/include/GLFW/glfw3.h */ = {isa = PBXBuildFile; fileRef = 041BA505BA254F70B175AE7E /* /Users/liuzhao/Scotty3D/CMU462/deps/glfw/include/GLFW/glfw3.h */; };
		5E211E88E8894E37940B23D9 /* /Users/liuzhao/Scotty3D/CMU462/deps/glfw/src/cocoa_platform.h */ = {isa = PBXBuildFile; fileRef = 6C783232F8244552BB69C08B /* /Users/liuzhao/Scotty3D/CMU462/deps/glfw/src/cocoa_platform.h */; };
		6A7DCF2FC1B445169C901D07 /* /Users/liuzhao/Scotty3D/CMU462/src/viewer.cpp */ = {isa = PBXBuildFile; fileRef = EE75BA888CD04B1FBF83EAF3 /* /Users/liuzhao/Scotty3D/CMU462/src/viewer.cpp */; };
		6A927F9C1A9744A893F48A5D /* /Users/liuzhao/Scotty3D/CMU462/deps/glfw/src/iokit_joystick.m */ = {isa = PBXBuildFile; fileRef = 63EE7B5FE97A4513A01F0557 /* /Users/liuzhao/Scotty3D/CMU462/deps/glfw/src/iokit_joystick.m */; };
		6FD9B6AFB51C4CA2A3992146 /* /Users/liuzhao/Scotty3D/CMU462/src/vector3D.cpp */ = {isa = PBXBuildFile; fileRef = CC13C910176746FDACDA8F11 /* /Users/liuzhao/Scotty3D/CMU462/src/vector3D.cpp */; };
		6FEF0974008F41E1AE569BC3 /* /Users/liuzhao/Scotty3D/CMU462/deps/glfw/src/init.c */ = {isa = PBXBuildFile; fileRef = A250212986684790905A1A46 /* /Users/liuzhao/Scotty3D/CMU462/deps/glfw/src/init.c */; };
		836F577820BC42A99E692125 /* /Users/liuzhao/Scotty3D/CMU462/deps/glfw/src/iokit_joystick.h */ = {isa = PBXBuildFile; fileRef = 2FC2F89D796448FD90ECCD18 /* /Users/liuzhao/Scotty3D/CMU462/deps/glfw/src/iokit_joystick.h */; };
		91F6CFCD34D148278783DC2A /* /Users/liuzhao/Scotty3D/CMU462/src/CMakeLists.txt */ = {isa = PBXBuildFile; fileRef = 8A79E009A62E462FAE872487 /* /Users/liuzhao/Scotty3D/CMU462/src/CMakeLists.txt */; };
		9F18FCCA3B0F46DABF8A5777 /* /Users/liuzhao/Scotty3D/CMU462/src/osdtext.cpp */ = {isa = PBXBuildFile; fileRef = CBBB77BDDB67418693E7CBE2 /* /Users/liuzhao/Scotty3D/CMU462/src/osdtext.cpp */; };
		A23937FBFB094748A149F6EA /* /Users/liuzhao/Scotty3D/CMU462/deps/glew/src/visualinfo.c */ = {isa = PBXBuildFile; fileRef = 2E4033E8206C4100A1DFBCEE /* /Users/liuzhao/Scotty3D/CMU462/deps/glew/src/visualinfo.c */; };
		B077120F7504409597A5AB73 /* /Users/liuzhao/Scotty3D/CMU462/src/vector4D.cpp */ = {isa = PBXBuildFile; fileRef = EBAA4E7C644940959DD19AA3 /* /Users/liuzhao/Scotty3D/CMU462/src/vector4D.cpp */; };
		C046BE669AB84E4181D07211 /* /Users/liuzhao/Scotty3D/CMU462/deps/glfw/src/CMakeLists.txt */ = {isa = PBXBuildFile; fileRef = AE3201C513FE47F39E222C78 /* /Users/liuzhao/Scotty3D/CMU462/deps/glfw/src/CMakeLists.txt */; };
		C5407E9EEE7F4A57A1403C51 /* /Users/liuzhao/Scotty3D/CMU462/deps/glew/CMakeLists.txt */ = {isa = PBXBuildFile; fileRef = 0E03E231ECD749B4A6CA5AD5 /* /Users/liuzhao/Scotty3D/CMU462/deps/glew/CMakeLists.txt */; };
		C747FC73778149D0913F61CD /* /Users/liuzhao/Scotty3D/CMU462/src/color.cpp */ = {isa = PBXBuildFile; fileRef = F516AECB5BF8420C94E9B6FE /* /Users/liuzhao/Scotty3D/CMU462/src/color.cpp */; };
		CAE7EDB893F943A9AB5E0A17 /* /Users/liuzhao/Scotty3D/CMU462/deps/glew/src/glewinfo.c */ = {isa = PBXBuildFile; fileRef = 9FFA3976137F43C5B15887EE /* /Users/liuzhao/Scotty3D/CMU462/deps/glew/src/glewinfo.c */; };
		CE54DB9C0C434C539C7F52DF /* /Users/liuzhao/Scotty3D/CMU462/deps/glew/src/glew.c */ = {isa = PBXBuildFile; fileRef = 1B86DDEC9A8245EA9C793D52 /* /Users/liuzhao/Scotty3D/CMU462/deps/glew/src/glew.c */; };
		CEFE1E5168B043619BCC6216 /* /Users/liuzhao/Scotty3D/CMU462/deps/glfw/src/context.c */ = {isa = PBXBuildFile; fileRef = 0C584598EA104E3DA3C0FBBC /* /Users/liuzhao/Scotty3D/CMU462/deps/glfw/src/context.c */; };
		D2590942B82F4100BE4311A0 /* /Users/liuzhao/Scotty3D/CMU462/src/vector2D.cpp */ = {isa = PBXBuildFile; fileRef = 600870F02AC1422FAA1B22E1 /* /Users/liuzhao/Scotty3D/CMU462/src/vector2D.cpp */; };
		DD9495C921D24211B9AAE6E1 /* /Users/liuzhao/Scotty3D/CMU462/deps/glfw/src/cocoa_init.m */ = {isa = PBXBuildFile; fileRef = E22E29EE65AF47D292766DF3 /* /Users/liuzhao/Scotty3D/CMU462/deps/glfw/src/cocoa_init.m */; };
		E0317C54007F4BB68D86781A /* /Users/liuzhao/Scotty3D/CMU462/deps/glfw/src/window.c */ = {isa = PBXBuildFile; fileRef = 6542CC28B5F54BBA9D72E064 /* /Users/liuzhao/Scotty3D/CMU462/deps/glfw/src/window.c */; };
		E3F6FF305BF24FEDB7A99F42 /* /Users/liuzhao/Scotty3D/CMU462/src/matrix4x4.cpp */ = {isa = PBXBuildFile; fileRef = B5DCE5FBABE2450094161181 /* /Users/liuzhao/Scotty3D/CMU462/src/matrix4x4.cpp */; };
		EDB201B861E34348B3EBB4D1 /* /Users/liuzhao/Scotty3D/CMU462/deps/glfw/src/posix_tls.c */ = {isa = PBXBuildFile; fileRef = 63DE6BBBD2154FDB8815D3D4 /* /Users/liuzhao/Scotty3D/CMU462/deps/glfw/src/posix_tls.c */; };
		F0AC9AED1278442C8F893BDD /* /Users/liuzhao/Scotty3D/CMU462/deps/glfw/src/cocoa_window.m */ = {isa = PBXBuildFile; fileRef = 795186EAEA274AA99281CFEC /* /Users/liuzhao/Scotty3D/CMU462/deps/glfw/src/cocoa_window.m */; };
		F0AFE9A427E64C36AAA9D7BD /* /Users/liuzhao/Scotty3D/CMU462/deps/glfw/include/GLFW/glfw3native.h */ = {isa = PBXBuildFile; fileRef = 6D20B29934FE4E7E9C4E98EC /* /Users/liuzhao/Scotty3D/CMU462/deps/glfw/include/GLFW/glfw3native.h */; };
		F807CC48D6D640DFACEF9825 /* /Users/liuzhao/Scotty3D/CMU462/deps/glfw/src/input.c */ = {isa = PBXBuildFile; fileRef = E590439A13974BF6A463D430 /* /Users/liuzhao/Scotty3D/CMU462/deps/glfw/src/input.c */; };
		FECEA1FE095545E6BEE644AF /* /Users/liuzhao/Scotty3D/CMU462/deps/glfw/src/nsgl_context.h */ = {isa = PBXBuildFile; fileRef = 2ECA674BFB09436DAE6A1331 /* /Users/liuzhao/Scotty3D/CMU462/deps/glfw/src/nsgl_context.h */; };
/* End PBXBuildFile section */

/* Begin PBXBuildStyle section */
		90983AD9FAE14784926203D9 /* Release */ = {
			isa = PBXBuildStyle;
			buildSettings = {
				COPY_PHASE_STRIP = NO;
			};
			name = Release;
		};
		9F1A17396A9946B1A2781069 /* MinSizeRel */ = {
			isa = PBXBuildStyle;
			buildSettings = {
				COPY_PHASE_STRIP = NO;
			};
			name = MinSizeRel;
		};
		E3A68F16C0424F4698E9A6D2 /* Debug */ = {
			isa = PBXBuildStyle;
			buildSettings = {
				COPY_PHASE_STRIP = NO;
			};
			name = Debug;
		};
		F3B21DC5F790443E98E833D1 /* RelWithDebInfo */ = {
			isa = PBXBuildStyle;
			buildSettings = {
				COPY_PHASE_STRIP = NO;
			};
			name = RelWithDebInfo;
		};
/* End PBXBuildStyle section */

/* Begin PBXContainerItemProxy section */
		0EFC0F30148F4274B234C0E1 /* PBXContainerItemProxy */ = {
			isa = PBXContainerItemProxy;
			containerPortal = 590371168D054DA59E567B73 /* Project object */;
			proxyType = 1;
			remoteGlobalIDString = FDE4816AC6E64BF9AB1136B6;
			remoteInfo = glfw;
		};
		176CE283A77541D088B01723 /* PBXContainerItemProxy */ = {
			isa = PBXContainerItemProxy;
			containerPortal = 590371168D054DA59E567B73 /* Project object */;
			proxyType = 1;
			remoteGlobalIDString = 05A68B1E96A240759C6415F4;
			remoteInfo = glew;
		};
		39C4D82D51C44B60A908B539 /* PBXContainerItemProxy */ = {
			isa = PBXContainerItemProxy;
			containerPortal = 590371168D054DA59E567B73 /* Project object */;
			proxyType = 1;
			remoteGlobalIDString = 05A68B1E96A240759C6415F4;
			remoteInfo = glew;
		};
		3E196E81753E442F89C2B84C /* PBXContainerItemProxy */ = {
			isa = PBXContainerItemProxy;
			containerPortal = 590371168D054DA59E567B73 /* Project object */;
			proxyType = 1;
			remoteGlobalIDString = 98A663D19748463BBDB22B74;
			remoteInfo = CMU462;
		};
		60F7EAA13D9D44BE9CBA1717 /* PBXContainerItemProxy */ = {
			isa = PBXContainerItemProxy;
			containerPortal = 590371168D054DA59E567B73 /* Project object */;
			proxyType = 1;
			remoteGlobalIDString = 4374F4108DA8453D83DE55C8;
			remoteInfo = ZERO_CHECK;
		};
		D58D905982664C349D516E22 /* PBXContainerItemProxy */ = {
			isa = PBXContainerItemProxy;
			containerPortal = 590371168D054DA59E567B73 /* Project object */;
			proxyType = 1;
			remoteGlobalIDString = F1970D5F19C647B5999231CF;
			remoteInfo = ALL_BUILD;
		};
/* End PBXContainerItemProxy section */

/* Begin PBXFileReference section */
		041BA505BA254F70B175AE7E /* /Users/liuzhao/Scotty3D/CMU462/deps/glfw/include/GLFW/glfw3.h */ = {isa = PBXFileReference; explicitFileType = sourcecode.c.h; fileEncoding = 4; name = glfw3.h; path = deps/glfw/include/GLFW/glfw3.h; sourceTree = SOURCE_ROOT; };
		0C584598EA104E3DA3C0FBBC /* /Users/liuzhao/Scotty3D/CMU462/deps/glfw/src/context.c */ = {isa = PBXFileReference; explicitFileType = sourcecode.c.c; fileEncoding = 4; name = context.c; path = deps/glfw/src/context.c; sourceTree = SOURCE_ROOT; };
		0E03E231ECD749B4A6CA5AD5 /* /Users/liuzhao/Scotty3D/CMU462/deps/glew/CMakeLists.txt */ = {isa = PBXFileReference; explicitFileType = sourcecode.text; fileEncoding = 4; name = CMakeLists.txt; path = deps/glew/CMakeLists.txt; sourceTree = SOURCE_ROOT; };
		0EA24E240CBE4EF989DA37B6 /* /Users/liuzhao/Scotty3D/CMU462/src/tinyxml2.cpp */ = {isa = PBXFileReference; explicitFileType = sourcecode.cpp.cpp; fileEncoding = 4; name = tinyxml2.cpp; path = src/tinyxml2.cpp; sourceTree = SOURCE_ROOT; };
		1B86DDEC9A8245EA9C793D52 /* /Users/liuzhao/Scotty3D/CMU462/deps/glew/src/glew.c */ = {isa = PBXFileReference; explicitFileType = sourcecode.c.c; fileEncoding = 4; name = glew.c; path = deps/glew/src/glew.c; sourceTree = SOURCE_ROOT; };
		292D83F6F5A548EE98D1D2BB /* /Users/liuzhao/Scotty3D/CMU462/deps/glfw/src/mach_time.c */ = {isa = PBXFileReference; explicitFileType = sourcecode.c.c; fileEncoding = 4; name = mach_time.c; path = deps/glfw/src/mach_time.c; sourceTree = SOURCE_ROOT; };
		2B89513E85D2460C9C36BA60 /* /Users/liuzhao/Scotty3D/CMU462/deps/glfw/src/internal.h */ = {isa = PBXFileReference; explicitFileType = sourcecode.c.h; fileEncoding = 4; name = internal.h; path = deps/glfw/src/internal.h; sourceTree = SOURCE_ROOT; };
		2E4033E8206C4100A1DFBCEE /* /Users/liuzhao/Scotty3D/CMU462/deps/glew/src/visualinfo.c */ = {isa = PBXFileReference; explicitFileType = sourcecode.c.c; fileEncoding = 4; name = visualinfo.c; path = deps/glew/src/visualinfo.c; sourceTree = SOURCE_ROOT; };
		2ECA674BFB09436DAE6A1331 /* /Users/liuzhao/Scotty3D/CMU462/deps/glfw/src/nsgl_context.h */ = {isa = PBXFileReference; explicitFileType = sourcecode.c.h; fileEncoding = 4; name = nsgl_context.h; path = deps/glfw/src/nsgl_context.h; sourceTree = SOURCE_ROOT; };
		2FC2F89D796448FD90ECCD18 /* /Users/liuzhao/Scotty3D/CMU462/deps/glfw/src/iokit_joystick.h */ = {isa = PBXFileReference; explicitFileType = sourcecode.c.h; fileEncoding = 4; name = iokit_joystick.h; path = deps/glfw/src/iokit_joystick.h; sourceTree = SOURCE_ROOT; };
		30EB5C1F157840098428542D /* /Users/liuzhao/Scotty3D/CMU462/deps/glfw/CMakeLists.txt */ = {isa = PBXFileReference; explicitFileType = sourcecode.text; fileEncoding = 4; name = CMakeLists.txt; path = deps/glfw/CMakeLists.txt; sourceTree = SOURCE_ROOT; };
		3FF4A40581DD4ABCB8CC8410 /* CMU462 */ = {isa = PBXFileReference; explicitFileType = archive.ar; path = libCMU462.a; sourceTree = BUILT_PRODUCTS_DIR; };
		44B1F568B1F043B5BEF570F0 /* /Users/liuzhao/Scotty3D/CMU462/deps/glfw/src/posix_tls.h */ = {isa = PBXFileReference; explicitFileType = sourcecode.c.h; fileEncoding = 4; name = posix_tls.h; path = deps/glfw/src/posix_tls.h; sourceTree = SOURCE_ROOT; };
		4B8247BA985C42499BB50635 /* /Users/liuzhao/Scotty3D/CMU462/CMakeLists.txt */ = {isa = PBXFileReference; explicitFileType = sourcecode.text; fileEncoding = 4; name = CMakeLists.txt; path = CMakeLists.txt; sourceTree = SOURCE_ROOT; };
		59ED25908CEE44F08668B89E /* /Users/liuzhao/Scotty3D/CMU462/deps/glfw/src/monitor.c */ = {isa = PBXFileReference; explicitFileType = sourcecode.c.c; fileEncoding = 4; name = monitor.c; path = deps/glfw/src/monitor.c; sourceTree = SOURCE_ROOT; };
		600870F02AC1422FAA1B22E1 /* /Users/liuzhao/Scotty3D/CMU462/src/vector2D.cpp */ = {isa = PBXFileReference; explicitFileType = sourcecode.cpp.cpp; fileEncoding = 4; name = vector2D.cpp; path = src/vector2D.cpp; sourceTree = SOURCE_ROOT; };
		63DE6BBBD2154FDB8815D3D4 /* /Users/liuzhao/Scotty3D/CMU462/deps/glfw/src/posix_tls.c */ = {isa = PBXFileReference; explicitFileType = sourcecode.c.c; fileEncoding = 4; name = posix_tls.c; path = deps/glfw/src/posix_tls.c; sourceTree = SOURCE_ROOT; };
		63EE7B5FE97A4513A01F0557 /* /Users/liuzhao/Scotty3D/CMU462/deps/glfw/src/iokit_joystick.m */ = {isa = PBXFileReference; explicitFileType = sourcecode.c.objc; fileEncoding = 4; name = iokit_joystick.m; path = deps/glfw/src/iokit_joystick.m; sourceTree = SOURCE_ROOT; };
		6542CC28B5F54BBA9D72E064 /* /Users/liuzhao/Scotty3D/CMU462/deps/glfw/src/window.c */ = {isa = PBXFileReference; explicitFileType = sourcecode.c.c; fileEncoding = 4; name = window.c; path = deps/glfw/src/window.c; sourceTree = SOURCE_ROOT; };
		66B622FC49774180AA4460E6 /* /Users/liuzhao/Scotty3D/CMU462/src/base64.cpp */ = {isa = PBXFileReference; explicitFileType = sourcecode.cpp.cpp; fileEncoding = 4; name = base64.cpp; path = src/base64.cpp; sourceTree = SOURCE_ROOT; };
		693473082CB749AE972EB055 /* /Users/liuzhao/Scotty3D/CMU462/src/matrix3x3.cpp */ = {isa = PBXFileReference; explicitFileType = sourcecode.cpp.cpp; fileEncoding = 4; name = matrix3x3.cpp; path = src/matrix3x3.cpp; sourceTree = SOURCE_ROOT; };
		6C783232F8244552BB69C08B /* /Users/liuzhao/Scotty3D/CMU462/deps/glfw/src/cocoa_platform.h */ = {isa = PBXFileReference; explicitFileType = sourcecode.c.h; fileEncoding = 4; name = cocoa_platform.h; path = deps/glfw/src/cocoa_platform.h; sourceTree = SOURCE_ROOT; };
		6D20B29934FE4E7E9C4E98EC /* /Users/liuzhao/Scotty3D/CMU462/deps/glfw/include/GLFW/glfw3native.h */ = {isa = PBXFileReference; explicitFileType = sourcecode.c.h; fileEncoding = 4; name = glfw3native.h; path = deps/glfw/include/GLFW/glfw3native.h; sourceTree = SOURCE_ROOT; };
		795186EAEA274AA99281CFEC /* /Users/liuzhao/Scotty3D/CMU462/deps/glfw/src/cocoa_window.m */ = {isa = PBXFileReference; explicitFileType = sourcecode.c.objc; fileEncoding = 4; name = cocoa_window.m; path = deps/glfw/src/cocoa_window.m; sourceTree = SOURCE_ROOT; };
		82B5788D4ECD4FE7AE9FB1E5 /* /Users/liuzhao/Scotty3D/macbook/CMU462/deps/glfw/src/glfw_config.h */ = {isa = PBXFileReference; explicitFileType = sourcecode.c.h; fileEncoding = 4; name = glfw_config.h; path = ../macbook/CMU462/deps/glfw/src/glfw_config.h; sourceTree = SOURCE_ROOT; };
		8A79E009A62E462FAE872487 /* /Users/liuzhao/Scotty3D/CMU462/src/CMakeLists.txt */ = {isa = PBXFileReference; explicitFileType = sourcecode.text; fileEncoding = 4; name = CMakeLists.txt; path = src/CMakeLists.txt; sourceTree = SOURCE_ROOT; };
		9273EDEF32A14E05BC010BFE /* glew */ = {isa = PBXFileReference; explicitFileType = archive.ar; path = libglew.a; sourceTree = BUILT_PRODUCTS_DIR; };
		9FFA3976137F43C5B15887EE /* /Users/liuzhao/Scotty3D/CMU462/deps/glew/src/glewinfo.c */ = {isa = PBXFileReference; explicitFileType = sourcecode.c.c; fileEncoding = 4; name = glewinfo.c; path = deps/glew/src/glewinfo.c; sourceTree = SOURCE_ROOT; };
		A250212986684790905A1A46 /* /Users/liuzhao/Scotty3D/CMU462/deps/glfw/src/init.c */ = {isa = PBXFileReference; explicitFileType = sourcecode.c.c; fileEncoding = 4; name = init.c; path = deps/glfw/src/init.c; sourceTree = SOURCE_ROOT; };
		AE3201C513FE47F39E222C78 /* /Users/liuzhao/Scotty3D/CMU462/deps/glfw/src/CMakeLists.txt */ = {isa = PBXFileReference; explicitFileType = sourcecode.text; fileEncoding = 4; name = CMakeLists.txt; path = deps/glfw/src/CMakeLists.txt; sourceTree = SOURCE_ROOT; };
		B5DCE5FBABE2450094161181 /* /Users/liuzhao/Scotty3D/CMU462/src/matrix4x4.cpp */ = {isa = PBXFileReference; explicitFileType = sourcecode.cpp.cpp; fileEncoding = 4; name = matrix4x4.cpp; path = src/matrix4x4.cpp; sourceTree = SOURCE_ROOT; };
		CBBB77BDDB67418693E7CBE2 /* /Users/liuzhao/Scotty3D/CMU462/src/osdtext.cpp */ = {isa = PBXFileReference; explicitFileType = sourcecode.cpp.cpp; fileEncoding = 4; name = osdtext.cpp; path = src/osdtext.cpp; sourceTree = SOURCE_ROOT; };
		CC13C910176746FDACDA8F11 /* /Users/liuzhao/Scotty3D/CMU462/src/vector3D.cpp */ = {isa = PBXFileReference; explicitFileType = sourcecode.cpp.cpp; fileEncoding = 4; name = vector3D.cpp; path = src/vector3D.cpp; sourceTree = SOURCE_ROOT; };
		CD40A68B8C9A447C9463B0AC /* /Users/liuzhao/Scotty3D/CMU462/deps/glfw/src/nsgl_context.m */ = {isa = PBXFileReference; explicitFileType = sourcecode.c.objc; fileEncoding = 4; name = nsgl_context.m; path = deps/glfw/src/nsgl_context.m; sourceTree = SOURCE_ROOT; };
		CDD60DD94E554FA4BDFB126E /* /Users/liuzhao/Scotty3D/CMU462/deps/glfw/src/cocoa_monitor.m */ = {isa = PBXFileReference; explicitFileType = sourcecode.c.objc; fileEncoding = 4; name = cocoa_monitor.m; path = deps/glfw/src/cocoa_monitor.m; sourceTree = SOURCE_ROOT; };
		CE82A0F8577B4670AC840914 /* glfw */ = {isa = PBXFileReference; explicitFileType = archive.ar; path = libglfw3.a; sourceTree = BUILT_PRODUCTS_DIR; };
		D3F32C0241FF4E52AE982EA1 /* /Users/liuzhao/Scotty3D/CMU462/src/quaternion.cpp */ = {isa = PBXFileReference; explicitFileType = sourcecode.cpp.cpp; fileEncoding = 4; name = quaternion.cpp; path = src/quaternion.cpp; sourceTree = SOURCE_ROOT; };
		D8CE0C3EB3754D5685DE62FE /* /Users/liuzhao/Scotty3D/CMU462/CMakeLists.txt */ = {isa = PBXFileReference; explicitFileType = sourcecode.text; fileEncoding = 4; name = CMakeLists.txt; path = CMakeLists.txt; sourceTree = SOURCE_ROOT; };
		D8D58F65802543B78C5EAC9D /* /Users/liuzhao/Scotty3D/CMU462/src/spectrum.cpp */ = {isa = PBXFileReference; explicitFileType = sourcecode.cpp.cpp; fileEncoding = 4; name = spectrum.cpp; path = src/spectrum.cpp; sourceTree = SOURCE_ROOT; };
		E22E29EE65AF47D292766DF3 /* /Users/liuzhao/Scotty3D/CMU462/deps/glfw/src/cocoa_init.m */ = {isa = PBXFileReference; explicitFileType = sourcecode.c.objc; fileEncoding = 4; name = cocoa_init.m; path = deps/glfw/src/cocoa_init.m; sourceTree = SOURCE_ROOT; };
		E590439A13974BF6A463D430 /* /Users/liuzhao/Scotty3D/CMU462/deps/glfw/src/input.c */ = {isa = PBXFileReference; explicitFileType = sourcecode.c.c; fileEncoding = 4; name = input.c; path = deps/glfw/src/input.c; sourceTree = SOURCE_ROOT; };
		EBAA4E7C644940959DD19AA3 /* /Users/liuzhao/Scotty3D/CMU462/src/vector4D.cpp */ = {isa = PBXFileReference; explicitFileType = sourcecode.cpp.cpp; fileEncoding = 4; name = vector4D.cpp; path = src/vector4D.cpp; sourceTree = SOURCE_ROOT; };
		EE75BA888CD04B1FBF83EAF3 /* /Users/liuzhao/Scotty3D/CMU462/src/viewer.cpp */ = {isa = PBXFileReference; explicitFileType = sourcecode.cpp.cpp; fileEncoding = 4; name = viewer.cpp; path = src/viewer.cpp; sourceTree = SOURCE_ROOT; };
		F2BEB89953D2442397494E1F /* /Users/liuzhao/Scotty3D/CMU462/src/complex.cpp */ = {isa = PBXFileReference; explicitFileType = sourcecode.cpp.cpp; fileEncoding = 4; name = complex.cpp; path = src/complex.cpp; sourceTree = SOURCE_ROOT; };
		F45B293AD50846BA8D4111AA /* /Users/liuzhao/Scotty3D/CMU462/src/osdfont.cpp */ = {isa = PBXFileReference; explicitFileType = sourcecode.cpp.cpp; fileEncoding = 4; name = osdfont.cpp; path = src/osdfont.cpp; sourceTree = SOURCE_ROOT; };
		F516AECB5BF8420C94E9B6FE /* /Users/liuzhao/Scotty3D/CMU462/src/color.cpp */ = {isa = PBXFileReference; explicitFileType = sourcecode.cpp.cpp; fileEncoding = 4; name = color.cpp; path = src/color.cpp; sourceTree = SOURCE_ROOT; };
		FEE092844A3540F2BDC52333 /* /Users/liuzhao/Scotty3D/CMU462/src/lodepng.cpp */ = {isa = PBXFileReference; explicitFileType = sourcecode.cpp.cpp; fileEncoding = 4; name = lodepng.cpp; path = src/lodepng.cpp; sourceTree = SOURCE_ROOT; };
/* End PBXFileReference section */

/* Begin PBXGroup section */
		05C5F9CDDA8A4BC0882C4148 /* CMake Rules */ = {
			isa = PBXGroup;
			children = (
			);
			name = "CMake Rules";
			sourceTree = "<group>";
		};
		29F438469FA94F7EA4588EDE /* ALL_BUILD */ = {
			isa = PBXGroup;
			children = (
				B4922960656C487D961AF65E /* CMake Rules */,
				4B8247BA985C42499BB50635 /* /Users/liuzhao/Scotty3D/CMU462/CMakeLists.txt */,
			);
			name = ALL_BUILD;
			sourceTree = "<group>";
		};
		3A29E80F128A4D318CF60C5A /* glfw */ = {
			isa = PBXGroup;
			children = (
				5C82B74D73AF421C9676C4D8 /* Source Files */,
				4EB0C664A20349058379E249 /* Header Files */,
				AE3201C513FE47F39E222C78 /* /Users/liuzhao/Scotty3D/CMU462/deps/glfw/src/CMakeLists.txt */,
			);
			name = glfw;
			sourceTree = "<group>";
		};
		4D7FE4AE3B29481BB26874CB /* uninstall */ = {
			isa = PBXGroup;
			children = (
				9FF77B4EBAAE497389931F50 /* CMake Rules */,
				30EB5C1F157840098428542D /* /Users/liuzhao/Scotty3D/CMU462/deps/glfw/CMakeLists.txt */,
			);
			name = uninstall;
			sourceTree = "<group>";
		};
		4EB0C664A20349058379E249 /* Header Files */ = {
			isa = PBXGroup;
			children = (
				041BA505BA254F70B175AE7E /* /Users/liuzhao/Scotty3D/CMU462/deps/glfw/include/GLFW/glfw3.h */,
				6D20B29934FE4E7E9C4E98EC /* /Users/liuzhao/Scotty3D/CMU462/deps/glfw/include/GLFW/glfw3native.h */,
				6C783232F8244552BB69C08B /* /Users/liuzhao/Scotty3D/CMU462/deps/glfw/src/cocoa_platform.h */,
				2B89513E85D2460C9C36BA60 /* /Users/liuzhao/Scotty3D/CMU462/deps/glfw/src/internal.h */,
				2FC2F89D796448FD90ECCD18 /* /Users/liuzhao/Scotty3D/CMU462/deps/glfw/src/iokit_joystick.h */,
				2ECA674BFB09436DAE6A1331 /* /Users/liuzhao/Scotty3D/CMU462/deps/glfw/src/nsgl_context.h */,
				44B1F568B1F043B5BEF570F0 /* /Users/liuzhao/Scotty3D/CMU462/deps/glfw/src/posix_tls.h */,
				82B5788D4ECD4FE7AE9FB1E5 /* /Users/liuzhao/Scotty3D/macbook/CMU462/deps/glfw/src/glfw_config.h */,
			);
			name = "Header Files";
			sourceTree = "<group>";
		};
		5C82B74D73AF421C9676C4D8 /* Source Files */ = {
			isa = PBXGroup;
			children = (
				E22E29EE65AF47D292766DF3 /* /Users/liuzhao/Scotty3D/CMU462/deps/glfw/src/cocoa_init.m */,
				CDD60DD94E554FA4BDFB126E /* /Users/liuzhao/Scotty3D/CMU462/deps/glfw/src/cocoa_monitor.m */,
				795186EAEA274AA99281CFEC /* /Users/liuzhao/Scotty3D/CMU462/deps/glfw/src/cocoa_window.m */,
				0C584598EA104E3DA3C0FBBC /* /Users/liuzhao/Scotty3D/CMU462/deps/glfw/src/context.c */,
				A250212986684790905A1A46 /* /Users/liuzhao/Scotty3D/CMU462/deps/glfw/src/init.c */,
				E590439A13974BF6A463D430 /* /Users/liuzhao/Scotty3D/CMU462/deps/glfw/src/input.c */,
				63EE7B5FE97A4513A01F0557 /* /Users/liuzhao/Scotty3D/CMU462/deps/glfw/src/iokit_joystick.m */,
				292D83F6F5A548EE98D1D2BB /* /Users/liuzhao/Scotty3D/CMU462/deps/glfw/src/mach_time.c */,
				59ED25908CEE44F08668B89E /* /Users/liuzhao/Scotty3D/CMU462/deps/glfw/src/monitor.c */,
				CD40A68B8C9A447C9463B0AC /* /Users/liuzhao/Scotty3D/CMU462/deps/glfw/src/nsgl_context.m */,
				63DE6BBBD2154FDB8815D3D4 /* /Users/liuzhao/Scotty3D/CMU462/deps/glfw/src/posix_tls.c */,
				6542CC28B5F54BBA9D72E064 /* /Users/liuzhao/Scotty3D/CMU462/deps/glfw/src/window.c */,
			);
			name = "Source Files";
			sourceTree = "<group>";
		};
		715B51D4FFBF4E94BED55269 /* glew */ = {
			isa = PBXGroup;
			children = (
				C7F78C2ECDF64580A846C6CD /* Source Files */,
				0E03E231ECD749B4A6CA5AD5 /* /Users/liuzhao/Scotty3D/CMU462/deps/glew/CMakeLists.txt */,
			);
			name = glew;
			sourceTree = "<group>";
		};
		7E1025FD79CE452C8CCD70A4 /* Products */ = {
			isa = PBXGroup;
			children = (
				9273EDEF32A14E05BC010BFE /* glew */,
				CE82A0F8577B4670AC840914 /* glfw */,
				3FF4A40581DD4ABCB8CC8410 /* CMU462 */,
			);
			name = Products;
			sourceTree = "<group>";
		};
		9FF77B4EBAAE497389931F50 /* CMake Rules */ = {
			isa = PBXGroup;
			children = (
			);
			name = "CMake Rules";
			sourceTree = "<group>";
		};
		A223B7CF78914FE684351D9D /* CMU462 */ = {
			isa = PBXGroup;
			children = (
				D919E3357F314609BA8D577D /* Source Files */,
				8A79E009A62E462FAE872487 /* /Users/liuzhao/Scotty3D/CMU462/src/CMakeLists.txt */,
			);
			name = CMU462;
			sourceTree = "<group>";
		};
		A546B4C9D65B4702BAE6F553 = {
			isa = PBXGroup;
			children = (
				29F438469FA94F7EA4588EDE /* ALL_BUILD */,
				E965C4C2EEBF47B88DE0DC1D /* ZERO_CHECK */,
				715B51D4FFBF4E94BED55269 /* glew */,
				4D7FE4AE3B29481BB26874CB /* uninstall */,
				DFA166B8D69B43D4981AC5D5 /* GLFW3 */,
				A223B7CF78914FE684351D9D /* CMU462 */,
				7E1025FD79CE452C8CCD70A4 /* Products */,
			);
			sourceTree = "<group>";
		};
		B4922960656C487D961AF65E /* CMake Rules */ = {
			isa = PBXGroup;
			children = (
			);
			name = "CMake Rules";
			sourceTree = "<group>";
		};
		C7F78C2ECDF64580A846C6CD /* Source Files */ = {
			isa = PBXGroup;
			children = (
				1B86DDEC9A8245EA9C793D52 /* /Users/liuzhao/Scotty3D/CMU462/deps/glew/src/glew.c */,
				9FFA3976137F43C5B15887EE /* /Users/liuzhao/Scotty3D/CMU462/deps/glew/src/glewinfo.c */,
				2E4033E8206C4100A1DFBCEE /* /Users/liuzhao/Scotty3D/CMU462/deps/glew/src/visualinfo.c */,
			);
			name = "Source Files";
			sourceTree = "<group>";
		};
		D919E3357F314609BA8D577D /* Source Files */ = {
			isa = PBXGroup;
			children = (
				66B622FC49774180AA4460E6 /* /Users/liuzhao/Scotty3D/CMU462/src/base64.cpp */,
				F516AECB5BF8420C94E9B6FE /* /Users/liuzhao/Scotty3D/CMU462/src/color.cpp */,
				F2BEB89953D2442397494E1F /* /Users/liuzhao/Scotty3D/CMU462/src/complex.cpp */,
				FEE092844A3540F2BDC52333 /* /Users/liuzhao/Scotty3D/CMU462/src/lodepng.cpp */,
				693473082CB749AE972EB055 /* /Users/liuzhao/Scotty3D/CMU462/src/matrix3x3.cpp */,
				B5DCE5FBABE2450094161181 /* /Users/liuzhao/Scotty3D/CMU462/src/matrix4x4.cpp */,
				F45B293AD50846BA8D4111AA /* /Users/liuzhao/Scotty3D/CMU462/src/osdfont.cpp */,
				CBBB77BDDB67418693E7CBE2 /* /Users/liuzhao/Scotty3D/CMU462/src/osdtext.cpp */,
				D3F32C0241FF4E52AE982EA1 /* /Users/liuzhao/Scotty3D/CMU462/src/quaternion.cpp */,
				D8D58F65802543B78C5EAC9D /* /Users/liuzhao/Scotty3D/CMU462/src/spectrum.cpp */,
				0EA24E240CBE4EF989DA37B6 /* /Users/liuzhao/Scotty3D/CMU462/src/tinyxml2.cpp */,
				600870F02AC1422FAA1B22E1 /* /Users/liuzhao/Scotty3D/CMU462/src/vector2D.cpp */,
				CC13C910176746FDACDA8F11 /* /Users/liuzhao/Scotty3D/CMU462/src/vector3D.cpp */,
				EBAA4E7C644940959DD19AA3 /* /Users/liuzhao/Scotty3D/CMU462/src/vector4D.cpp */,
				EE75BA888CD04B1FBF83EAF3 /* /Users/liuzhao/Scotty3D/CMU462/src/viewer.cpp */,
			);
			name = "Source Files";
			sourceTree = "<group>";
		};
		DFA166B8D69B43D4981AC5D5 /* GLFW3 */ = {
			isa = PBXGroup;
			children = (
				3A29E80F128A4D318CF60C5A /* glfw */,
			);
			name = GLFW3;
			sourceTree = "<group>";
		};
		E965C4C2EEBF47B88DE0DC1D /* ZERO_CHECK */ = {
			isa = PBXGroup;
			children = (
				05C5F9CDDA8A4BC0882C4148 /* CMake Rules */,
				D8CE0C3EB3754D5685DE62FE /* /Users/liuzhao/Scotty3D/CMU462/CMakeLists.txt */,
			);
			name = ZERO_CHECK;
			sourceTree = "<group>";
		};
/* End PBXGroup section */

/* Begin PBXNativeTarget section */
		05A68B1E96A240759C6415F4 /* glew */ = {
			isa = PBXNativeTarget;
			buildConfigurationList = CD2E4A2DA4744BFCAAEDA445 /* Build configuration list for PBXNativeTarget "glew" */;
			buildPhases = (
				FA00B84DF13E45A7AEDD73A7 /* Sources */,
			);
			buildRules = (
			);
			dependencies = (
			);
			name = glew;
			productName = glew;
			productReference = 9273EDEF32A14E05BC010BFE /* glew */;
			productType = "com.apple.product-type.library.static";
		};
		98A663D19748463BBDB22B74 /* CMU462 */ = {
			isa = PBXNativeTarget;
			buildConfigurationList = 9F6942FDF3634964A036E4A7 /* Build configuration list for PBXNativeTarget "CMU462" */;
			buildPhases = (
				E6E6EF7DABF64B4389E93AE8 /* Sources */,
			);
			buildRules = (
			);
			dependencies = (
				239516B38D4B431D8F37369C /* PBXTargetDependency */,
			);
			name = CMU462;
			productName = CMU462;
			productReference = 3FF4A40581DD4ABCB8CC8410 /* CMU462 */;
			productType = "com.apple.product-type.library.static";
		};
		FDE4816AC6E64BF9AB1136B6 /* glfw */ = {
			isa = PBXNativeTarget;
			buildConfigurationList = F844B01209FD44AC90E4F287 /* Build configuration list for PBXNativeTarget "glfw" */;
			buildPhases = (
				3D6E1737B7A94A05BB1AD70F /* Sources */,
			);
			buildRules = (
			);
			dependencies = (
			);
			name = glfw;
			productName = glfw;
			productReference = CE82A0F8577B4670AC840914 /* glfw */;
			productType = "com.apple.product-type.library.static";
		};
/* End PBXNativeTarget section */

/* Begin PBXProject section */
		590371168D054DA59E567B73 /* Project object */ = {
			isa = PBXProject;
			attributes = {
				BuildIndependentTargetsInParallel = YES;
				LastUpgradeCheck = 0910;
			};
			buildConfigurationList = 912218905A274D36A89D811F /* Build configuration list for PBXProject "CMU462" */;
			buildSettings = {
			};
			buildStyles = (
				E3A68F16C0424F4698E9A6D2 /* Debug */,
				90983AD9FAE14784926203D9 /* Release */,
				9F1A17396A9946B1A2781069 /* MinSizeRel */,
				F3B21DC5F790443E98E833D1 /* RelWithDebInfo */,
			);
			compatibilityVersion = "Xcode 3.2";
			hasScannedForEncodings = 0;
			mainGroup = A546B4C9D65B4702BAE6F553;
			projectDirPath = ../../CMU462;
			projectRoot = "";
			targets = (
				F1970D5F19C647B5999231CF /* ALL_BUILD */,
				4374F4108DA8453D83DE55C8 /* ZERO_CHECK */,
				1E3071B79CDC4246854B7AED /* install */,
				05A68B1E96A240759C6415F4 /* glew */,
				FD844403FAF44CB880D4A380 /* uninstall */,
				FDE4816AC6E64BF9AB1136B6 /* glfw */,
				98A663D19748463BBDB22B74 /* CMU462 */,
			);
		};
/* End PBXProject section */

/* Begin PBXShellScriptBuildPhase section */
		117231A30F9447F0B5325C07 /* CMake Rules */ = {
			isa = PBXShellScriptBuildPhase;
			buildActionMask = 2147483647;
			files = (
			);
			name = "CMake Rules";
			runOnlyForDeploymentPostprocessing = 0;
			shellPath = /bin/sh;
			shellScript = "make -C /Users/liuzhao/Scotty3D/macbook/CMU462/deps/glfw -f /Users/liuzhao/Scotty3D/macbook/CMU462/deps/glfw/CMakeScripts/uninstall_cmakeRulesBuildPhase.make$CONFIGURATION all";
			showEnvVarsInLog = 0;
		};
		143BF0BDE4C84C2B8F43B58F = {
			isa = PBXShellScriptBuildPhase;
			buildActionMask = 2147483647;
			files = (
			);
			inputPaths = (
			);
			outputPaths = (
			);
			runOnlyForDeploymentPostprocessing = 0;
			shellPath = /bin/sh;
			shellScript = "# shell script goes here
exit 0";
			showEnvVarsInLog = 0;
		};
		29976C293129434A8D6C4E46 = {
			isa = PBXShellScriptBuildPhase;
			buildActionMask = 2147483647;
			files = (
			);
			inputPaths = (
			);
			outputPaths = (
			);
			runOnlyForDeploymentPostprocessing = 0;
			shellPath = /bin/sh;
			shellScript = "# shell script goes here
exit 0";
			showEnvVarsInLog = 0;
		};
		8CBE07EB5531417C9268EFA9 = {
			isa = PBXShellScriptBuildPhase;
			buildActionMask = 2147483647;
			files = (
			);
			inputPaths = (
			);
			outputPaths = (
			);
			runOnlyForDeploymentPostprocessing = 0;
			shellPath = /bin/sh;
			shellScript = "# shell script goes here
exit 0";
			showEnvVarsInLog = 0;
		};
		91A785FDFA33471CA47ED6A5 = {
			isa = PBXShellScriptBuildPhase;
			buildActionMask = 2147483647;
			files = (
			);
			inputPaths = (
			);
			outputPaths = (
			);
			runOnlyForDeploymentPostprocessing = 0;
			shellPath = /bin/sh;
			shellScript = "# shell script goes here
exit 0";
			showEnvVarsInLog = 0;
		};
		B061205258704B9CA76770FB /* CMake Rules */ = {
			isa = PBXShellScriptBuildPhase;
			buildActionMask = 2147483647;
			files = (
			);
			name = "CMake Rules";
			runOnlyForDeploymentPostprocessing = 0;
			shellPath = /bin/sh;
			shellScript = "make -C /Users/liuzhao/Scotty3D/macbook/CMU462 -f /Users/liuzhao/Scotty3D/macbook/CMU462/CMakeScripts/ZERO_CHECK_cmakeRulesBuildPhase.make$CONFIGURATION all";
			showEnvVarsInLog = 0;
		};
		D790BFACDFE34E6BBF7515A2 /* CMake Rules */ = {
			isa = PBXShellScriptBuildPhase;
			buildActionMask = 2147483647;
			files = (
			);
			name = "CMake Rules";
			runOnlyForDeploymentPostprocessing = 0;
			shellPath = /bin/sh;
			shellScript = "make -C /Users/liuzhao/Scotty3D/macbook/CMU462 -f /Users/liuzhao/Scotty3D/macbook/CMU462/CMakeScripts/ALL_BUILD_cmakeRulesBuildPhase.make$CONFIGURATION all";
			showEnvVarsInLog = 0;
		};
		D993FB0395CF41ACB9384647 /* CMake PostBuild Rules */ = {
			isa = PBXShellScriptBuildPhase;
			buildActionMask = 2147483647;
			files = (
			);
			name = "CMake PostBuild Rules";
			runOnlyForDeploymentPostprocessing = 0;
			shellPath = /bin/sh;
			shellScript = "make -C /Users/liuzhao/Scotty3D/macbook/CMU462 -f /Users/liuzhao/Scotty3D/macbook/CMU462/CMakeScripts/install_postBuildPhase.make$CONFIGURATION all";
			showEnvVarsInLog = 0;
		};
/* End PBXShellScriptBuildPhase section */

/* Begin PBXSourcesBuildPhase section */
		3D6E1737B7A94A05BB1AD70F /* Sources */ = {
			isa = PBXSourcesBuildPhase;
			buildActionMask = 2147483647;
			files = (
				DD9495C921D24211B9AAE6E1 /* /Users/liuzhao/Scotty3D/CMU462/deps/glfw/src/cocoa_init.m */,
				5054CEBC968C4CF9B4EE50A2 /* /Users/liuzhao/Scotty3D/CMU462/deps/glfw/src/cocoa_monitor.m */,
				F0AC9AED1278442C8F893BDD /* /Users/liuzhao/Scotty3D/CMU462/deps/glfw/src/cocoa_window.m */,
				CEFE1E5168B043619BCC6216 /* /Users/liuzhao/Scotty3D/CMU462/deps/glfw/src/context.c */,
				6FEF0974008F41E1AE569BC3 /* /Users/liuzhao/Scotty3D/CMU462/deps/glfw/src/init.c */,
				F807CC48D6D640DFACEF9825 /* /Users/liuzhao/Scotty3D/CMU462/deps/glfw/src/input.c */,
				6A927F9C1A9744A893F48A5D /* /Users/liuzhao/Scotty3D/CMU462/deps/glfw/src/iokit_joystick.m */,
				5B03BE8A1E3C4034A895A180 /* /Users/liuzhao/Scotty3D/CMU462/deps/glfw/src/mach_time.c */,
				4B54BBE0BF7342DF9CBC6A2E /* /Users/liuzhao/Scotty3D/CMU462/deps/glfw/src/monitor.c */,
				3A4CAD5E070B40B4B9FEAC60 /* /Users/liuzhao/Scotty3D/CMU462/deps/glfw/src/nsgl_context.m */,
				EDB201B861E34348B3EBB4D1 /* /Users/liuzhao/Scotty3D/CMU462/deps/glfw/src/posix_tls.c */,
				E0317C54007F4BB68D86781A /* /Users/liuzhao/Scotty3D/CMU462/deps/glfw/src/window.c */,
			);
			runOnlyForDeploymentPostprocessing = 0;
		};
		E6E6EF7DABF64B4389E93AE8 /* Sources */ = {
			isa = PBXSourcesBuildPhase;
			buildActionMask = 2147483647;
			files = (
				43BE409FEC2F4AB28E81F8E3 /* /Users/liuzhao/Scotty3D/CMU462/src/base64.cpp */,
				C747FC73778149D0913F61CD /* /Users/liuzhao/Scotty3D/CMU462/src/color.cpp */,
				25FB5E4F6A5F4FF0A869A732 /* /Users/liuzhao/Scotty3D/CMU462/src/complex.cpp */,
				32A19B1789AC418289DF47E9 /* /Users/liuzhao/Scotty3D/CMU462/src/lodepng.cpp */,
				58B75AF01662416DB7E2A251 /* /Users/liuzhao/Scotty3D/CMU462/src/matrix3x3.cpp */,
				E3F6FF305BF24FEDB7A99F42 /* /Users/liuzhao/Scotty3D/CMU462/src/matrix4x4.cpp */,
				3E9978BE1D3A43CEA737EC35 /* /Users/liuzhao/Scotty3D/CMU462/src/osdfont.cpp */,
				9F18FCCA3B0F46DABF8A5777 /* /Users/liuzhao/Scotty3D/CMU462/src/osdtext.cpp */,
				2BCE765F389548E5AED15290 /* /Users/liuzhao/Scotty3D/CMU462/src/quaternion.cpp */,
				3B0D6FB2F5214383A5342911 /* /Users/liuzhao/Scotty3D/CMU462/src/spectrum.cpp */,
				27CB6BC375A64AFAB3446124 /* /Users/liuzhao/Scotty3D/CMU462/src/tinyxml2.cpp */,
				D2590942B82F4100BE4311A0 /* /Users/liuzhao/Scotty3D/CMU462/src/vector2D.cpp */,
				6FD9B6AFB51C4CA2A3992146 /* /Users/liuzhao/Scotty3D/CMU462/src/vector3D.cpp */,
				B077120F7504409597A5AB73 /* /Users/liuzhao/Scotty3D/CMU462/src/vector4D.cpp */,
				6A7DCF2FC1B445169C901D07 /* /Users/liuzhao/Scotty3D/CMU462/src/viewer.cpp */,
			);
			runOnlyForDeploymentPostprocessing = 0;
		};
		FA00B84DF13E45A7AEDD73A7 /* Sources */ = {
			isa = PBXSourcesBuildPhase;
			buildActionMask = 2147483647;
			files = (
				CE54DB9C0C434C539C7F52DF /* /Users/liuzhao/Scotty3D/CMU462/deps/glew/src/glew.c */,
				CAE7EDB893F943A9AB5E0A17 /* /Users/liuzhao/Scotty3D/CMU462/deps/glew/src/glewinfo.c */,
				A23937FBFB094748A149F6EA /* /Users/liuzhao/Scotty3D/CMU462/deps/glew/src/visualinfo.c */,
			);
			runOnlyForDeploymentPostprocessing = 0;
		};
/* End PBXSourcesBuildPhase section */

/* Begin PBXTargetDependency section */
		239516B38D4B431D8F37369C /* PBXTargetDependency */ = {
			isa = PBXTargetDependency;
			target = 05A68B1E96A240759C6415F4 /* glew */;
			targetProxy = 176CE283A77541D088B01723 /* PBXContainerItemProxy */;
		};
		4EA47A4C98A34A6A89C03C8E /* PBXTargetDependency */ = {
			isa = PBXTargetDependency;
			target = FDE4816AC6E64BF9AB1136B6 /* glfw */;
			targetProxy = 0EFC0F30148F4274B234C0E1 /* PBXContainerItemProxy */;
		};
		67B103CA422D423DB6BE098F /* PBXTargetDependency */ = {
			isa = PBXTargetDependency;
			target = F1970D5F19C647B5999231CF /* ALL_BUILD */;
			targetProxy = D58D905982664C349D516E22 /* PBXContainerItemProxy */;
		};
		7C8C1B38D9EE4D6D88E05A7F /* PBXTargetDependency */ = {
			isa = PBXTargetDependency;
			target = 05A68B1E96A240759C6415F4 /* glew */;
			targetProxy = 39C4D82D51C44B60A908B539 /* PBXContainerItemProxy */;
		};
		9064A2A314ED4CE795BEC741 /* PBXTargetDependency */ = {
			isa = PBXTargetDependency;
			target = 4374F4108DA8453D83DE55C8 /* ZERO_CHECK */;
			targetProxy = 60F7EAA13D9D44BE9CBA1717 /* PBXContainerItemProxy */;
		};
		F3E3424E9C7C4020B3D17A77 /* PBXTargetDependency */ = {
			isa = PBXTargetDependency;
			target = 98A663D19748463BBDB22B74 /* CMU462 */;
			targetProxy = 3E196E81753E442F89C2B84C /* PBXContainerItemProxy */;
		};
/* End PBXTargetDependency section */

/* Begin XCBuildConfiguration section */
		0216F08D73F842359639ABA4 /* Release */ = {
			isa = XCBuildConfiguration;
			buildSettings = {
				COMBINE_HIDPI_IMAGES = YES;
				GCC_GENERATE_DEBUGGING_SYMBOLS = YES;
				GCC_INLINES_ARE_PRIVATE_EXTERN = NO;
				GCC_OPTIMIZATION_LEVEL = 0;
				GCC_PREPROCESSOR_DEFINITIONS = ("'CMAKE_INTDIR=\"$(CONFIGURATION)$(EFFECTIVE_PLATFORM_NAME)\"'");
				GCC_SYMBOLS_PRIVATE_EXTERN = NO;
				HEADER_SEARCH_PATHS = (/Users/liuzhao/Scotty3D/CMU462/include,/Users/liuzhao/Scotty3D/CMU462/deps/glew/include,/usr/local/include/freetype2);
				INSTALL_PATH = "";
				OTHER_LDFLAGS = " ";
				OTHER_REZFLAGS = "";
				PRODUCT_NAME = ALL_BUILD;
				SECTORDER_FLAGS = "";
				SYMROOT = /Users/liuzhao/Scotty3D/macbook/CMU462;
				USE_HEADERMAP = NO;
				WARNING_CFLAGS = ("-Wmost","-Wno-four-char-constants","-Wno-unknown-pragmas","$(inherited)");
			};
			name = Release;
		};
		02AF2BD1FBF44319B8BA71BC /* MinSizeRel */ = {
			isa = XCBuildConfiguration;
			buildSettings = {
				COMBINE_HIDPI_IMAGES = YES;
				GCC_GENERATE_DEBUGGING_SYMBOLS = YES;
				GCC_INLINES_ARE_PRIVATE_EXTERN = NO;
				GCC_OPTIMIZATION_LEVEL = 0;
				GCC_PREPROCESSOR_DEFINITIONS = ("'CMAKE_INTDIR=\"$(CONFIGURATION)$(EFFECTIVE_PLATFORM_NAME)\"'");
				GCC_SYMBOLS_PRIVATE_EXTERN = NO;
				HEADER_SEARCH_PATHS = (/Users/liuzhao/Scotty3D/CMU462/include,/Users/liuzhao/Scotty3D/CMU462/deps/glew/include,/usr/local/include/freetype2);
				INSTALL_PATH = "";
				OTHER_LDFLAGS = " ";
				OTHER_REZFLAGS = "";
				PRODUCT_NAME = install;
				SECTORDER_FLAGS = "";
				SYMROOT = /Users/liuzhao/Scotty3D/macbook/CMU462;
				USE_HEADERMAP = NO;
				WARNING_CFLAGS = ("-Wmost","-Wno-four-char-constants","-Wno-unknown-pragmas","$(inherited)");
			};
			name = MinSizeRel;
		};
		0584918AD13C43BC9BF3998C /* MinSizeRel */ = {
			isa = XCBuildConfiguration;
			buildSettings = {
				COMBINE_HIDPI_IMAGES = YES;
				EXECUTABLE_PREFIX = lib;
				EXECUTABLE_SUFFIX = .a;
				GCC_GENERATE_DEBUGGING_SYMBOLS = NO;
				GCC_INLINES_ARE_PRIVATE_EXTERN = NO;
				GCC_OPTIMIZATION_LEVEL = s;
				GCC_PREPROCESSOR_DEFINITIONS = ("'CMAKE_INTDIR=\"$(CONFIGURATION)$(EFFECTIVE_PLATFORM_NAME)\"'");
				GCC_SYMBOLS_PRIVATE_EXTERN = NO;
				HEADER_SEARCH_PATHS = (/Users/liuzhao/Scotty3D/CMU462/deps/glew/include);
				INSTALL_PATH = "";
				LIBRARY_STYLE = STATIC;
				OTHER_CFLAGS = "    -DNDEBUG -w  ";
				OTHER_LIBTOOLFLAGS = " ";
				OTHER_REZFLAGS = "";
				PRODUCT_NAME = glew;
				SECTORDER_FLAGS = "";
				SYMROOT = /Users/liuzhao/Scotty3D/macbook/CMU462/deps/glew;
				USE_HEADERMAP = NO;
				WARNING_CFLAGS = ("-Wmost","-Wno-four-char-constants","-Wno-unknown-pragmas","$(inherited)");
			};
			name = MinSizeRel;
		};
		0F74CED00C8F420FA1C1785B /* Release */ = {
			isa = XCBuildConfiguration;
			buildSettings = {
				COMBINE_HIDPI_IMAGES = YES;
				EXECUTABLE_PREFIX = lib;
				EXECUTABLE_SUFFIX = .a;
				GCC_GENERATE_DEBUGGING_SYMBOLS = NO;
				GCC_INLINES_ARE_PRIVATE_EXTERN = NO;
				GCC_OPTIMIZATION_LEVEL = 3;
				GCC_PREPROCESSOR_DEFINITIONS = ("'CMAKE_INTDIR=\"$(CONFIGURATION)$(EFFECTIVE_PLATFORM_NAME)\"'");
				GCC_SYMBOLS_PRIVATE_EXTERN = NO;
				HEADER_SEARCH_PATHS = (/Users/liuzhao/Scotty3D/CMU462/deps/glew/include);
				INSTALL_PATH = "";
				LIBRARY_STYLE = STATIC;
				OTHER_CFLAGS = "    -DNDEBUG -w  ";
				OTHER_LIBTOOLFLAGS = " ";
				OTHER_REZFLAGS = "";
				PRODUCT_NAME = glew;
				SECTORDER_FLAGS = "";
				SYMROOT = /Users/liuzhao/Scotty3D/macbook/CMU462/deps/glew;
				USE_HEADERMAP = NO;
				WARNING_CFLAGS = ("-Wmost","-Wno-four-char-constants","-Wno-unknown-pragmas","$(inherited)");
			};
			name = Release;
		};
		11CBED930D934253B45711E3 /* RelWithDebInfo */ = {
			isa = XCBuildConfiguration;
			buildSettings = {
				COMBINE_HIDPI_IMAGES = YES;
				EXECUTABLE_PREFIX = lib;
				EXECUTABLE_SUFFIX = .a;
				GCC_GENERATE_DEBUGGING_SYMBOLS = YES;
				GCC_INLINES_ARE_PRIVATE_EXTERN = NO;
				GCC_OPTIMIZATION_LEVEL = 2;
				GCC_PREPROCESSOR_DEFINITIONS = ("'CMAKE_INTDIR=\"$(CONFIGURATION)$(EFFECTIVE_PLATFORM_NAME)\"'");
				GCC_SYMBOLS_PRIVATE_EXTERN = NO;
				HEADER_SEARCH_PATHS = (/Users/liuzhao/Scotty3D/CMU462/deps/glew/include);
				INSTALL_PATH = "";
				LIBRARY_STYLE = STATIC;
				OTHER_CFLAGS = "       -DNDEBUG -w  ";
				OTHER_LIBTOOLFLAGS = " ";
				OTHER_REZFLAGS = "";
				PRODUCT_NAME = glew;
				SECTORDER_FLAGS = "";
				SYMROOT = /Users/liuzhao/Scotty3D/macbook/CMU462/deps/glew;
				USE_HEADERMAP = NO;
				WARNING_CFLAGS = ("-Wmost","-Wno-four-char-constants","-Wno-unknown-pragmas","$(inherited)");
			};
			name = RelWithDebInfo;
		};
		1D72C61D3917452E8AEDB54F /* RelWithDebInfo */ = {
			isa = XCBuildConfiguration;
			buildSettings = {
				COMBINE_HIDPI_IMAGES = YES;
				GCC_GENERATE_DEBUGGING_SYMBOLS = YES;
				GCC_INLINES_ARE_PRIVATE_EXTERN = NO;
				GCC_OPTIMIZATION_LEVEL = 0;
				GCC_PREPROCESSOR_DEFINITIONS = ("'CMAKE_INTDIR=\"$(CONFIGURATION)$(EFFECTIVE_PLATFORM_NAME)\"'");
				GCC_SYMBOLS_PRIVATE_EXTERN = NO;
				HEADER_SEARCH_PATHS = (/Users/liuzhao/Scotty3D/CMU462/include,/Users/liuzhao/Scotty3D/CMU462/deps/glew/include,/usr/local/include/freetype2);
				INSTALL_PATH = "";
				OTHER_LDFLAGS = " ";
				OTHER_REZFLAGS = "";
				PRODUCT_NAME = ZERO_CHECK;
				SECTORDER_FLAGS = "";
				SYMROOT = /Users/liuzhao/Scotty3D/macbook/CMU462;
				USE_HEADERMAP = NO;
				WARNING_CFLAGS = ("-Wmost","-Wno-four-char-constants","-Wno-unknown-pragmas","$(inherited)");
			};
			name = RelWithDebInfo;
		};
		27D844A323BA4C01891075FA /* RelWithDebInfo */ = {
			isa = XCBuildConfiguration;
			buildSettings = {
				COMBINE_HIDPI_IMAGES = YES;
				EXECUTABLE_PREFIX = lib;
				EXECUTABLE_SUFFIX = .a;
				GCC_GENERATE_DEBUGGING_SYMBOLS = YES;
				GCC_INLINES_ARE_PRIVATE_EXTERN = NO;
				GCC_OPTIMIZATION_LEVEL = 2;
				GCC_PREPROCESSOR_DEFINITIONS = ("'CMAKE_INTDIR=\"$(CONFIGURATION)$(EFFECTIVE_PLATFORM_NAME)\"'");
				GCC_SYMBOLS_PRIVATE_EXTERN = NO;
				HEADER_SEARCH_PATHS = (/Users/liuzhao/Scotty3D/CMU462/include,/Users/liuzhao/Scotty3D/CMU462/deps/glew/include,/usr/local/include/freetype2,/Users/liuzhao/Scotty3D/CMU462/include/CMU462);
				INSTALL_PATH = "";
				LIBRARY_STYLE = STATIC;
				OTHER_CPLUSPLUSFLAGS = " -std=c++11 -m64     -funroll-loops -Wno-narrowing -Wno-deprecated-register -std=c++11 -m64     -funroll-loops -Wno-narrowing -Wno-deprecated-register        -DNDEBUG -Wno-constant-conversion  ";
				OTHER_LIBTOOLFLAGS = " ";
				OTHER_REZFLAGS = "";
				PRODUCT_NAME = CMU462;
				SECTORDER_FLAGS = "";
				SYMROOT = /Users/liuzhao/Scotty3D/macbook/CMU462/src;
				USE_HEADERMAP = NO;
				WARNING_CFLAGS = ("-Wmost","-Wno-four-char-constants","-Wno-unknown-pragmas","$(inherited)");
			};
			name = RelWithDebInfo;
		};
		2B58089E892B449889010795 /* RelWithDebInfo */ = {
			isa = XCBuildConfiguration;
			buildSettings = {
				COMBINE_HIDPI_IMAGES = YES;
				EXECUTABLE_PREFIX = lib;
				EXECUTABLE_SUFFIX = .a;
				GCC_GENERATE_DEBUGGING_SYMBOLS = YES;
				GCC_INLINES_ARE_PRIVATE_EXTERN = NO;
				GCC_OPTIMIZATION_LEVEL = 2;
				GCC_PREPROCESSOR_DEFINITIONS = ("'CMAKE_INTDIR=\"$(CONFIGURATION)$(EFFECTIVE_PLATFORM_NAME)\"'",_GLFW_USE_CONFIG_H);
				GCC_SYMBOLS_PRIVATE_EXTERN = NO;
				HEADER_SEARCH_PATHS = (/Users/liuzhao/Scotty3D/CMU462/deps/glfw/src,/Users/liuzhao/Scotty3D/macbook/CMU462/deps/glfw/src);
				INSTALL_PATH = "";
				LIBRARY_STYLE = STATIC;
				OTHER_CFLAGS = "       -DNDEBUG -fPIC -w   -Wall";
				OTHER_LIBTOOLFLAGS = " ";
				OTHER_REZFLAGS = "";
				PRODUCT_NAME = glfw3;
				SECTORDER_FLAGS = "";
				SYMROOT = /Users/liuzhao/Scotty3D/macbook/CMU462/deps/glfw/src;
				USE_HEADERMAP = NO;
				WARNING_CFLAGS = ("-Wmost","-Wno-four-char-constants","-Wno-unknown-pragmas","$(inherited)");
			};
			name = RelWithDebInfo;
		};
		2C6C20B2A7BA4BCC93024FA3 /* RelWithDebInfo */ = {
			isa = XCBuildConfiguration;
			buildSettings = {
				COMBINE_HIDPI_IMAGES = YES;
				GCC_GENERATE_DEBUGGING_SYMBOLS = YES;
				GCC_INLINES_ARE_PRIVATE_EXTERN = NO;
				GCC_OPTIMIZATION_LEVEL = 0;
				GCC_PREPROCESSOR_DEFINITIONS = ("'CMAKE_INTDIR=\"$(CONFIGURATION)$(EFFECTIVE_PLATFORM_NAME)\"'");
				GCC_SYMBOLS_PRIVATE_EXTERN = NO;
				HEADER_SEARCH_PATHS = (/Users/liuzhao/Scotty3D/CMU462/include,/Users/liuzhao/Scotty3D/CMU462/deps/glew/include,/usr/local/include/freetype2);
				INSTALL_PATH = "";
				OTHER_LDFLAGS = " ";
				OTHER_REZFLAGS = "";
				PRODUCT_NAME = ALL_BUILD;
				SECTORDER_FLAGS = "";
				SYMROOT = /Users/liuzhao/Scotty3D/macbook/CMU462;
				USE_HEADERMAP = NO;
				WARNING_CFLAGS = ("-Wmost","-Wno-four-char-constants","-Wno-unknown-pragmas","$(inherited)");
			};
			name = RelWithDebInfo;
		};
		427BDAEBF1174A1BAC5E85E9 /* MinSizeRel */ = {
			isa = XCBuildConfiguration;
			buildSettings = {
				COMBINE_HIDPI_IMAGES = YES;
				EXECUTABLE_PREFIX = lib;
				EXECUTABLE_SUFFIX = .a;
				GCC_GENERATE_DEBUGGING_SYMBOLS = NO;
				GCC_INLINES_ARE_PRIVATE_EXTERN = NO;
				GCC_OPTIMIZATION_LEVEL = s;
				GCC_PREPROCESSOR_DEFINITIONS = ("'CMAKE_INTDIR=\"$(CONFIGURATION)$(EFFECTIVE_PLATFORM_NAME)\"'",_GLFW_USE_CONFIG_H);
				GCC_SYMBOLS_PRIVATE_EXTERN = NO;
				HEADER_SEARCH_PATHS = (/Users/liuzhao/Scotty3D/CMU462/deps/glfw/src,/Users/liuzhao/Scotty3D/macbook/CMU462/deps/glfw/src);
				INSTALL_PATH = "";
				LIBRARY_STYLE = STATIC;
				OTHER_CFLAGS = "    -DNDEBUG -fPIC -w   -Wall";
				OTHER_LIBTOOLFLAGS = " ";
				OTHER_REZFLAGS = "";
				PRODUCT_NAME = glfw3;
				SECTORDER_FLAGS = "";
				SYMROOT = /Users/liuzhao/Scotty3D/macbook/CMU462/deps/glfw/src;
				USE_HEADERMAP = NO;
				WARNING_CFLAGS = ("-Wmost","-Wno-four-char-constants","-Wno-unknown-pragmas","$(inherited)");
			};
			name = MinSizeRel;
		};
		4967C0C1BA1947BF94640180 /* MinSizeRel */ = {
			isa = XCBuildConfiguration;
			buildSettings = {
				COMBINE_HIDPI_IMAGES = YES;
				EXECUTABLE_PREFIX = lib;
				EXECUTABLE_SUFFIX = .a;
				GCC_GENERATE_DEBUGGING_SYMBOLS = NO;
				GCC_INLINES_ARE_PRIVATE_EXTERN = NO;
				GCC_OPTIMIZATION_LEVEL = s;
				GCC_PREPROCESSOR_DEFINITIONS = ("'CMAKE_INTDIR=\"$(CONFIGURATION)$(EFFECTIVE_PLATFORM_NAME)\"'");
				GCC_SYMBOLS_PRIVATE_EXTERN = NO;
				HEADER_SEARCH_PATHS = (/Users/liuzhao/Scotty3D/CMU462/include,/Users/liuzhao/Scotty3D/CMU462/deps/glew/include,/usr/local/include/freetype2,/Users/liuzhao/Scotty3D/CMU462/include/CMU462);
				INSTALL_PATH = "";
				LIBRARY_STYLE = STATIC;
				OTHER_CPLUSPLUSFLAGS = " -std=c++11 -m64     -funroll-loops -Wno-narrowing -Wno-deprecated-register -std=c++11 -m64     -funroll-loops -Wno-narrowing -Wno-deprecated-register     -DNDEBUG -Wno-constant-conversion  ";
				OTHER_LIBTOOLFLAGS = " ";
				OTHER_REZFLAGS = "";
				PRODUCT_NAME = CMU462;
				SECTORDER_FLAGS = "";
				SYMROOT = /Users/liuzhao/Scotty3D/macbook/CMU462/src;
				USE_HEADERMAP = NO;
				WARNING_CFLAGS = ("-Wmost","-Wno-four-char-constants","-Wno-unknown-pragmas","$(inherited)");
			};
			name = MinSizeRel;
		};
		52C7CD1105C94C87BF6E55CA /* MinSizeRel */ = {
			isa = XCBuildConfiguration;
			buildSettings = {
				COMBINE_HIDPI_IMAGES = YES;
				GCC_GENERATE_DEBUGGING_SYMBOLS = YES;
				GCC_INLINES_ARE_PRIVATE_EXTERN = NO;
				GCC_OPTIMIZATION_LEVEL = 0;
				GCC_PREPROCESSOR_DEFINITIONS = ("'CMAKE_INTDIR=\"$(CONFIGURATION)$(EFFECTIVE_PLATFORM_NAME)\"'");
				GCC_SYMBOLS_PRIVATE_EXTERN = NO;
				INSTALL_PATH = "";
				OTHER_LDFLAGS = " ";
				OTHER_REZFLAGS = "";
				PRODUCT_NAME = uninstall;
				SECTORDER_FLAGS = "";
				SYMROOT = /Users/liuzhao/Scotty3D/macbook/CMU462/deps/glfw;
				USE_HEADERMAP = NO;
				WARNING_CFLAGS = ("-Wmost","-Wno-four-char-constants","-Wno-unknown-pragmas","$(inherited)");
			};
			name = MinSizeRel;
		};
		53852B216E3B429F891E9D98 /* MinSizeRel */ = {
			isa = XCBuildConfiguration;
			buildSettings = {
				COMBINE_HIDPI_IMAGES = YES;
				GCC_GENERATE_DEBUGGING_SYMBOLS = YES;
				GCC_INLINES_ARE_PRIVATE_EXTERN = NO;
				GCC_OPTIMIZATION_LEVEL = 0;
				GCC_PREPROCESSOR_DEFINITIONS = ("'CMAKE_INTDIR=\"$(CONFIGURATION)$(EFFECTIVE_PLATFORM_NAME)\"'");
				GCC_SYMBOLS_PRIVATE_EXTERN = NO;
				HEADER_SEARCH_PATHS = (/Users/liuzhao/Scotty3D/CMU462/include,/Users/liuzhao/Scotty3D/CMU462/deps/glew/include,/usr/local/include/freetype2);
				INSTALL_PATH = "";
				OTHER_LDFLAGS = " ";
				OTHER_REZFLAGS = "";
				PRODUCT_NAME = ZERO_CHECK;
				SECTORDER_FLAGS = "";
				SYMROOT = /Users/liuzhao/Scotty3D/macbook/CMU462;
				USE_HEADERMAP = NO;
				WARNING_CFLAGS = ("-Wmost","-Wno-four-char-constants","-Wno-unknown-pragmas","$(inherited)");
			};
			name = MinSizeRel;
		};
		5EE8394B505E4D919BB6408B /* Debug */ = {
			isa = XCBuildConfiguration;
			buildSettings = {
				ONLY_ACTIVE_ARCH = YES;
				SDKROOT = /Applications/Xcode.app/Contents/Developer/Platforms/MacOSX.platform/Developer/SDKs/MacOSX10.13.sdk;
				SYMROOT = /Users/liuzhao/Scotty3D/macbook/CMU462/build;
			};
			name = Debug;
		};
		7288D82A7ADB4AAC9B9072E0 /* Debug */ = {
			isa = XCBuildConfiguration;
			buildSettings = {
				COMBINE_HIDPI_IMAGES = YES;
				EXECUTABLE_PREFIX = lib;
				EXECUTABLE_SUFFIX = .a;
				GCC_GENERATE_DEBUGGING_SYMBOLS = YES;
				GCC_INLINES_ARE_PRIVATE_EXTERN = NO;
				GCC_OPTIMIZATION_LEVEL = 0;
				GCC_PREPROCESSOR_DEFINITIONS = ("'CMAKE_INTDIR=\"$(CONFIGURATION)$(EFFECTIVE_PLATFORM_NAME)\"'");
				GCC_SYMBOLS_PRIVATE_EXTERN = NO;
				HEADER_SEARCH_PATHS = (/Users/liuzhao/Scotty3D/CMU462/deps/glew/include);
				INSTALL_PATH = "";
				LIBRARY_STYLE = STATIC;
				OTHER_CFLAGS = "   -w  ";
				OTHER_LIBTOOLFLAGS = " ";
				OTHER_REZFLAGS = "";
				PRODUCT_NAME = glew;
				SECTORDER_FLAGS = "";
				SYMROOT = /Users/liuzhao/Scotty3D/macbook/CMU462/deps/glew;
				USE_HEADERMAP = NO;
				WARNING_CFLAGS = ("-Wmost","-Wno-four-char-constants","-Wno-unknown-pragmas","$(inherited)");
			};
			name = Debug;
		};
		738CA7FBE3C14154BFCD460E /* Debug */ = {
			isa = XCBuildConfiguration;
			buildSettings = {
				COMBINE_HIDPI_IMAGES = YES;
				GCC_GENERATE_DEBUGGING_SYMBOLS = YES;
				GCC_INLINES_ARE_PRIVATE_EXTERN = NO;
				GCC_OPTIMIZATION_LEVEL = 0;
				GCC_PREPROCESSOR_DEFINITIONS = ("'CMAKE_INTDIR=\"$(CONFIGURATION)$(EFFECTIVE_PLATFORM_NAME)\"'");
				GCC_SYMBOLS_PRIVATE_EXTERN = NO;
				HEADER_SEARCH_PATHS = (/Users/liuzhao/Scotty3D/CMU462/include,/Users/liuzhao/Scotty3D/CMU462/deps/glew/include,/usr/local/include/freetype2);
				INSTALL_PATH = "";
				OTHER_LDFLAGS = " ";
				OTHER_REZFLAGS = "";
				PRODUCT_NAME = ZERO_CHECK;
				SECTORDER_FLAGS = "";
				SYMROOT = /Users/liuzhao/Scotty3D/macbook/CMU462;
				USE_HEADERMAP = NO;
				WARNING_CFLAGS = ("-Wmost","-Wno-four-char-constants","-Wno-unknown-pragmas","$(inherited)");
			};
			name = Debug;
		};
		761709CDD18B40C3A90965D4 /* Release */ = {
			isa = XCBuildConfiguration;
			buildSettings = {
				ONLY_ACTIVE_ARCH = YES;
				SDKROOT = /Applications/Xcode.app/Contents/Developer/Platforms/MacOSX.platform/Developer/SDKs/MacOSX10.13.sdk;
				SYMROOT = /Users/liuzhao/Scotty3D/macbook/CMU462/build;
			};
			name = Release;
		};
		78E5E283A1864483A6B6444A /* MinSizeRel */ = {
			isa = XCBuildConfiguration;
			buildSettings = {
				ONLY_ACTIVE_ARCH = YES;
				SDKROOT = /Applications/Xcode.app/Contents/Developer/Platforms/MacOSX.platform/Developer/SDKs/MacOSX10.13.sdk;
				SYMROOT = /Users/liuzhao/Scotty3D/macbook/CMU462/build;
			};
			name = MinSizeRel;
		};
		8DC9DEB9E6DE490CA59D2BBD /* Debug */ = {
			isa = XCBuildConfiguration;
			buildSettings = {
				COMBINE_HIDPI_IMAGES = YES;
				GCC_GENERATE_DEBUGGING_SYMBOLS = YES;
				GCC_INLINES_ARE_PRIVATE_EXTERN = NO;
				GCC_OPTIMIZATION_LEVEL = 0;
				GCC_PREPROCESSOR_DEFINITIONS = ("'CMAKE_INTDIR=\"$(CONFIGURATION)$(EFFECTIVE_PLATFORM_NAME)\"'");
				GCC_SYMBOLS_PRIVATE_EXTERN = NO;
				HEADER_SEARCH_PATHS = (/Users/liuzhao/Scotty3D/CMU462/include,/Users/liuzhao/Scotty3D/CMU462/deps/glew/include,/usr/local/include/freetype2);
				INSTALL_PATH = "";
				OTHER_LDFLAGS = " ";
				OTHER_REZFLAGS = "";
				PRODUCT_NAME = ALL_BUILD;
				SECTORDER_FLAGS = "";
				SYMROOT = /Users/liuzhao/Scotty3D/macbook/CMU462;
				USE_HEADERMAP = NO;
				WARNING_CFLAGS = ("-Wmost","-Wno-four-char-constants","-Wno-unknown-pragmas","$(inherited)");
			};
			name = Debug;
		};
		95B63DECCEA540C1BAFD1620 /* Debug */ = {
			isa = XCBuildConfiguration;
			buildSettings = {
				COMBINE_HIDPI_IMAGES = YES;
				GCC_GENERATE_DEBUGGING_SYMBOLS = YES;
				GCC_INLINES_ARE_PRIVATE_EXTERN = NO;
				GCC_OPTIMIZATION_LEVEL = 0;
				GCC_PREPROCESSOR_DEFINITIONS = ("'CMAKE_INTDIR=\"$(CONFIGURATION)$(EFFECTIVE_PLATFORM_NAME)\"'");
				GCC_SYMBOLS_PRIVATE_EXTERN = NO;
				INSTALL_PATH = "";
				OTHER_LDFLAGS = " ";
				OTHER_REZFLAGS = "";
				PRODUCT_NAME = uninstall;
				SECTORDER_FLAGS = "";
				SYMROOT = /Users/liuzhao/Scotty3D/macbook/CMU462/deps/glfw;
				USE_HEADERMAP = NO;
				WARNING_CFLAGS = ("-Wmost","-Wno-four-char-constants","-Wno-unknown-pragmas","$(inherited)");
			};
			name = Debug;
		};
		A5EB3C9121CF4DD6ADA665C4 /* Release */ = {
			isa = XCBuildConfiguration;
			buildSettings = {
				COMBINE_HIDPI_IMAGES = YES;
				GCC_GENERATE_DEBUGGING_SYMBOLS = YES;
				GCC_INLINES_ARE_PRIVATE_EXTERN = NO;
				GCC_OPTIMIZATION_LEVEL = 0;
				GCC_PREPROCESSOR_DEFINITIONS = ("'CMAKE_INTDIR=\"$(CONFIGURATION)$(EFFECTIVE_PLATFORM_NAME)\"'");
				GCC_SYMBOLS_PRIVATE_EXTERN = NO;
				HEADER_SEARCH_PATHS = (/Users/liuzhao/Scotty3D/CMU462/include,/Users/liuzhao/Scotty3D/CMU462/deps/glew/include,/usr/local/include/freetype2);
				INSTALL_PATH = "";
				OTHER_LDFLAGS = " ";
				OTHER_REZFLAGS = "";
				PRODUCT_NAME = ZERO_CHECK;
				SECTORDER_FLAGS = "";
				SYMROOT = /Users/liuzhao/Scotty3D/macbook/CMU462;
				USE_HEADERMAP = NO;
				WARNING_CFLAGS = ("-Wmost","-Wno-four-char-constants","-Wno-unknown-pragmas","$(inherited)");
			};
			name = Release;
		};
		A785AB3EF0594F7B9B8DA8C1 /* Debug */ = {
			isa = XCBuildConfiguration;
			buildSettings = {
				COMBINE_HIDPI_IMAGES = YES;
				EXECUTABLE_PREFIX = lib;
				EXECUTABLE_SUFFIX = .a;
				GCC_GENERATE_DEBUGGING_SYMBOLS = YES;
				GCC_INLINES_ARE_PRIVATE_EXTERN = NO;
				GCC_OPTIMIZATION_LEVEL = 0;
				GCC_PREPROCESSOR_DEFINITIONS = ("'CMAKE_INTDIR=\"$(CONFIGURATION)$(EFFECTIVE_PLATFORM_NAME)\"'",_GLFW_USE_CONFIG_H);
				GCC_SYMBOLS_PRIVATE_EXTERN = NO;
				HEADER_SEARCH_PATHS = (/Users/liuzhao/Scotty3D/CMU462/deps/glfw/src,/Users/liuzhao/Scotty3D/macbook/CMU462/deps/glfw/src);
				INSTALL_PATH = "";
				LIBRARY_STYLE = STATIC;
				OTHER_CFLAGS = "   -fPIC -w   -Wall";
				OTHER_LIBTOOLFLAGS = " ";
				OTHER_REZFLAGS = "";
				PRODUCT_NAME = glfw3;
				SECTORDER_FLAGS = "";
				SYMROOT = /Users/liuzhao/Scotty3D/macbook/CMU462/deps/glfw/src;
				USE_HEADERMAP = NO;
				WARNING_CFLAGS = ("-Wmost","-Wno-four-char-constants","-Wno-unknown-pragmas","$(inherited)");
			};
			name = Debug;
		};
		B0A954442FEC43AD8BD3BD38 /* Release */ = {
			isa = XCBuildConfiguration;
			buildSettings = {
				COMBINE_HIDPI_IMAGES = YES;
				EXECUTABLE_PREFIX = lib;
				EXECUTABLE_SUFFIX = .a;
				GCC_GENERATE_DEBUGGING_SYMBOLS = NO;
				GCC_INLINES_ARE_PRIVATE_EXTERN = NO;
				GCC_OPTIMIZATION_LEVEL = 3;
				GCC_PREPROCESSOR_DEFINITIONS = ("'CMAKE_INTDIR=\"$(CONFIGURATION)$(EFFECTIVE_PLATFORM_NAME)\"'",_GLFW_USE_CONFIG_H);
				GCC_SYMBOLS_PRIVATE_EXTERN = NO;
				HEADER_SEARCH_PATHS = (/Users/liuzhao/Scotty3D/CMU462/deps/glfw/src,/Users/liuzhao/Scotty3D/macbook/CMU462/deps/glfw/src);
				INSTALL_PATH = "";
				LIBRARY_STYLE = STATIC;
				OTHER_CFLAGS = "    -DNDEBUG -fPIC -w   -Wall";
				OTHER_LIBTOOLFLAGS = " ";
				OTHER_REZFLAGS = "";
				PRODUCT_NAME = glfw3;
				SECTORDER_FLAGS = "";
				SYMROOT = /Users/liuzhao/Scotty3D/macbook/CMU462/deps/glfw/src;
				USE_HEADERMAP = NO;
				WARNING_CFLAGS = ("-Wmost","-Wno-four-char-constants","-Wno-unknown-pragmas","$(inherited)");
			};
			name = Release;
		};
		B4A44193F051476887117E7C /* Release */ = {
			isa = XCBuildConfiguration;
			buildSettings = {
				COMBINE_HIDPI_IMAGES = YES;
				GCC_GENERATE_DEBUGGING_SYMBOLS = YES;
				GCC_INLINES_ARE_PRIVATE_EXTERN = NO;
				GCC_OPTIMIZATION_LEVEL = 0;
				GCC_PREPROCESSOR_DEFINITIONS = ("'CMAKE_INTDIR=\"$(CONFIGURATION)$(EFFECTIVE_PLATFORM_NAME)\"'");
				GCC_SYMBOLS_PRIVATE_EXTERN = NO;
				INSTALL_PATH = "";
				OTHER_LDFLAGS = " ";
				OTHER_REZFLAGS = "";
				PRODUCT_NAME = uninstall;
				SECTORDER_FLAGS = "";
				SYMROOT = /Users/liuzhao/Scotty3D/macbook/CMU462/deps/glfw;
				USE_HEADERMAP = NO;
				WARNING_CFLAGS = ("-Wmost","-Wno-four-char-constants","-Wno-unknown-pragmas","$(inherited)");
			};
			name = Release;
		};
		B58DCFAAC35549559C6C871C /* Debug */ = {
			isa = XCBuildConfiguration;
			buildSettings = {
				COMBINE_HIDPI_IMAGES = YES;
				EXECUTABLE_PREFIX = lib;
				EXECUTABLE_SUFFIX = .a;
				GCC_GENERATE_DEBUGGING_SYMBOLS = YES;
				GCC_INLINES_ARE_PRIVATE_EXTERN = NO;
				GCC_OPTIMIZATION_LEVEL = 3;
				GCC_PREPROCESSOR_DEFINITIONS = ("'CMAKE_INTDIR=\"$(CONFIGURATION)$(EFFECTIVE_PLATFORM_NAME)\"'");
				GCC_SYMBOLS_PRIVATE_EXTERN = NO;
				HEADER_SEARCH_PATHS = (/Users/liuzhao/Scotty3D/CMU462/include,/Users/liuzhao/Scotty3D/CMU462/deps/glew/include,/usr/local/include/freetype2,/Users/liuzhao/Scotty3D/CMU462/include/CMU462);
				INSTALL_PATH = "";
				LIBRARY_STYLE = STATIC;
				OTHER_CPLUSPLUSFLAGS = " -std=c++11 -m64     -funroll-loops -Wno-narrowing -Wno-deprecated-register -std=c++11 -m64     -funroll-loops -Wno-narrowing -Wno-deprecated-register    -Wno-constant-conversion  ";
				OTHER_LIBTOOLFLAGS = " ";
				OTHER_REZFLAGS = "";
				PRODUCT_NAME = CMU462;
				SECTORDER_FLAGS = "";
				SYMROOT = /Users/liuzhao/Scotty3D/macbook/CMU462/src;
				USE_HEADERMAP = NO;
				WARNING_CFLAGS = ("-Wmost","-Wno-four-char-constants","-Wno-unknown-pragmas","$(inherited)");
			};
			name = Debug;
		};
		B88A2BD7A7294A348C2264B0 /* RelWithDebInfo */ = {
			isa = XCBuildConfiguration;
			buildSettings = {
				COMBINE_HIDPI_IMAGES = YES;
				GCC_GENERATE_DEBUGGING_SYMBOLS = YES;
				GCC_INLINES_ARE_PRIVATE_EXTERN = NO;
				GCC_OPTIMIZATION_LEVEL = 0;
				GCC_PREPROCESSOR_DEFINITIONS = ("'CMAKE_INTDIR=\"$(CONFIGURATION)$(EFFECTIVE_PLATFORM_NAME)\"'");
				GCC_SYMBOLS_PRIVATE_EXTERN = NO;
				HEADER_SEARCH_PATHS = (/Users/liuzhao/Scotty3D/CMU462/include,/Users/liuzhao/Scotty3D/CMU462/deps/glew/include,/usr/local/include/freetype2);
				INSTALL_PATH = "";
				OTHER_LDFLAGS = " ";
				OTHER_REZFLAGS = "";
				PRODUCT_NAME = install;
				SECTORDER_FLAGS = "";
				SYMROOT = /Users/liuzhao/Scotty3D/macbook/CMU462;
				USE_HEADERMAP = NO;
				WARNING_CFLAGS = ("-Wmost","-Wno-four-char-constants","-Wno-unknown-pragmas","$(inherited)");
			};
			name = RelWithDebInfo;
		};
		C8EEB98488AA413CB4C7FA3C /* RelWithDebInfo */ = {
			isa = XCBuildConfiguration;
			buildSettings = {
				COMBINE_HIDPI_IMAGES = YES;
				GCC_GENERATE_DEBUGGING_SYMBOLS = YES;
				GCC_INLINES_ARE_PRIVATE_EXTERN = NO;
				GCC_OPTIMIZATION_LEVEL = 0;
				GCC_PREPROCESSOR_DEFINITIONS = ("'CMAKE_INTDIR=\"$(CONFIGURATION)$(EFFECTIVE_PLATFORM_NAME)\"'");
				GCC_SYMBOLS_PRIVATE_EXTERN = NO;
				INSTALL_PATH = "";
				OTHER_LDFLAGS = " ";
				OTHER_REZFLAGS = "";
				PRODUCT_NAME = uninstall;
				SECTORDER_FLAGS = "";
				SYMROOT = /Users/liuzhao/Scotty3D/macbook/CMU462/deps/glfw;
				USE_HEADERMAP = NO;
				WARNING_CFLAGS = ("-Wmost","-Wno-four-char-constants","-Wno-unknown-pragmas","$(inherited)");
			};
			name = RelWithDebInfo;
		};
		DE088271DF7445E79328B206 /* MinSizeRel */ = {
			isa = XCBuildConfiguration;
			buildSettings = {
				COMBINE_HIDPI_IMAGES = YES;
				GCC_GENERATE_DEBUGGING_SYMBOLS = YES;
				GCC_INLINES_ARE_PRIVATE_EXTERN = NO;
				GCC_OPTIMIZATION_LEVEL = 0;
				GCC_PREPROCESSOR_DEFINITIONS = ("'CMAKE_INTDIR=\"$(CONFIGURATION)$(EFFECTIVE_PLATFORM_NAME)\"'");
				GCC_SYMBOLS_PRIVATE_EXTERN = NO;
				HEADER_SEARCH_PATHS = (/Users/liuzhao/Scotty3D/CMU462/include,/Users/liuzhao/Scotty3D/CMU462/deps/glew/include,/usr/local/include/freetype2);
				INSTALL_PATH = "";
				OTHER_LDFLAGS = " ";
				OTHER_REZFLAGS = "";
				PRODUCT_NAME = ALL_BUILD;
				SECTORDER_FLAGS = "";
				SYMROOT = /Users/liuzhao/Scotty3D/macbook/CMU462;
				USE_HEADERMAP = NO;
				WARNING_CFLAGS = ("-Wmost","-Wno-four-char-constants","-Wno-unknown-pragmas","$(inherited)");
			};
			name = MinSizeRel;
		};
		F5C73E8EDB07403F90520CD2 /* RelWithDebInfo */ = {
			isa = XCBuildConfiguration;
			buildSettings = {
				ONLY_ACTIVE_ARCH = YES;
				SDKROOT = /Applications/Xcode.app/Contents/Developer/Platforms/MacOSX.platform/Developer/SDKs/MacOSX10.13.sdk;
				SYMROOT = /Users/liuzhao/Scotty3D/macbook/CMU462/build;
			};
			name = RelWithDebInfo;
		};
		F8D4E460800147959CF08E55 /* Release */ = {
			isa = XCBuildConfiguration;
			buildSettings = {
				COMBINE_HIDPI_IMAGES = YES;
				EXECUTABLE_PREFIX = lib;
				EXECUTABLE_SUFFIX = .a;
				GCC_GENERATE_DEBUGGING_SYMBOLS = NO;
				GCC_INLINES_ARE_PRIVATE_EXTERN = NO;
				GCC_OPTIMIZATION_LEVEL = 3;
				GCC_PREPROCESSOR_DEFINITIONS = ("'CMAKE_INTDIR=\"$(CONFIGURATION)$(EFFECTIVE_PLATFORM_NAME)\"'");
				GCC_SYMBOLS_PRIVATE_EXTERN = NO;
				HEADER_SEARCH_PATHS = (/Users/liuzhao/Scotty3D/CMU462/include,/Users/liuzhao/Scotty3D/CMU462/deps/glew/include,/usr/local/include/freetype2,/Users/liuzhao/Scotty3D/CMU462/include/CMU462);
				INSTALL_PATH = "";
				LIBRARY_STYLE = STATIC;
				OTHER_CPLUSPLUSFLAGS = " -std=c++11 -m64     -funroll-loops -Wno-narrowing -Wno-deprecated-register -std=c++11 -m64     -funroll-loops -Wno-narrowing -Wno-deprecated-register     -DNDEBUG -Wno-constant-conversion  ";
				OTHER_LIBTOOLFLAGS = " ";
				OTHER_REZFLAGS = "";
				PRODUCT_NAME = CMU462;
				SECTORDER_FLAGS = "";
				SYMROOT = /Users/liuzhao/Scotty3D/macbook/CMU462/src;
				USE_HEADERMAP = NO;
				WARNING_CFLAGS = ("-Wmost","-Wno-four-char-constants","-Wno-unknown-pragmas","$(inherited)");
			};
			name = Release;
		};
		F9A1CFA8D30740EDBDCB6C6B /* Debug */ = {
			isa = XCBuildConfiguration;
			buildSettings = {
				COMBINE_HIDPI_IMAGES = YES;
				GCC_GENERATE_DEBUGGING_SYMBOLS = YES;
				GCC_INLINES_ARE_PRIVATE_EXTERN = NO;
				GCC_OPTIMIZATION_LEVEL = 0;
				GCC_PREPROCESSOR_DEFINITIONS = ("'CMAKE_INTDIR=\"$(CONFIGURATION)$(EFFECTIVE_PLATFORM_NAME)\"'");
				GCC_SYMBOLS_PRIVATE_EXTERN = NO;
				HEADER_SEARCH_PATHS = (/Users/liuzhao/Scotty3D/CMU462/include,/Users/liuzhao/Scotty3D/CMU462/deps/glew/include,/usr/local/include/freetype2);
				INSTALL_PATH = "";
				OTHER_LDFLAGS = " ";
				OTHER_REZFLAGS = "";
				PRODUCT_NAME = install;
				SECTORDER_FLAGS = "";
				SYMROOT = /Users/liuzhao/Scotty3D/macbook/CMU462;
				USE_HEADERMAP = NO;
				WARNING_CFLAGS = ("-Wmost","-Wno-four-char-constants","-Wno-unknown-pragmas","$(inherited)");
			};
			name = Debug;
		};
		FE550B466FE74FAB913F0B8D /* Release */ = {
			isa = XCBuildConfiguration;
			buildSettings = {
				COMBINE_HIDPI_IMAGES = YES;
				GCC_GENERATE_DEBUGGING_SYMBOLS = YES;
				GCC_INLINES_ARE_PRIVATE_EXTERN = NO;
				GCC_OPTIMIZATION_LEVEL = 0;
				GCC_PREPROCESSOR_DEFINITIONS = ("'CMAKE_INTDIR=\"$(CONFIGURATION)$(EFFECTIVE_PLATFORM_NAME)\"'");
				GCC_SYMBOLS_PRIVATE_EXTERN = NO;
				HEADER_SEARCH_PATHS = (/Users/liuzhao/Scotty3D/CMU462/include,/Users/liuzhao/Scotty3D/CMU462/deps/glew/include,/usr/local/include/freetype2);
				INSTALL_PATH = "";
				OTHER_LDFLAGS = " ";
				OTHER_REZFLAGS = "";
				PRODUCT_NAME = install;
				SECTORDER_FLAGS = "";
				SYMROOT = /Users/liuzhao/Scotty3D/macbook/CMU462;
				USE_HEADERMAP = NO;
				WARNING_CFLAGS = ("-Wmost","-Wno-four-char-constants","-Wno-unknown-pragmas","$(inherited)");
			};
			name = Release;
		};
/* End XCBuildConfiguration section */

/* Begin XCConfigurationList section */
		1DFA52965A8A48DFB6DE957B /* Build configuration list for PBXAggregateTarget "ALL_BUILD" */ = {
			isa = XCConfigurationList;
			buildConfigurations = (
				8DC9DEB9E6DE490CA59D2BBD /* Debug */,
				0216F08D73F842359639ABA4 /* Release */,
				DE088271DF7445E79328B206 /* MinSizeRel */,
				2C6C20B2A7BA4BCC93024FA3 /* RelWithDebInfo */,
			);
			defaultConfigurationIsVisible = 0;
			defaultConfigurationName = Debug;
		};
		325EE535B81E48B3B9999B79 /* Build configuration list for PBXAggregateTarget "install" */ = {
			isa = XCConfigurationList;
			buildConfigurations = (
				F9A1CFA8D30740EDBDCB6C6B /* Debug */,
				FE550B466FE74FAB913F0B8D /* Release */,
				02AF2BD1FBF44319B8BA71BC /* MinSizeRel */,
				B88A2BD7A7294A348C2264B0 /* RelWithDebInfo */,
			);
			defaultConfigurationIsVisible = 0;
			defaultConfigurationName = Debug;
		};
		4F74DAF9911B42BF927A7497 /* Build configuration list for PBXAggregateTarget "uninstall" */ = {
			isa = XCConfigurationList;
			buildConfigurations = (
				95B63DECCEA540C1BAFD1620 /* Debug */,
				B4A44193F051476887117E7C /* Release */,
				52C7CD1105C94C87BF6E55CA /* MinSizeRel */,
				C8EEB98488AA413CB4C7FA3C /* RelWithDebInfo */,
			);
			defaultConfigurationIsVisible = 0;
			defaultConfigurationName = Debug;
		};
		912218905A274D36A89D811F /* Build configuration list for PBXProject "CMU462" */ = {
			isa = XCConfigurationList;
			buildConfigurations = (
				5EE8394B505E4D919BB6408B /* Debug */,
				761709CDD18B40C3A90965D4 /* Release */,
				78E5E283A1864483A6B6444A /* MinSizeRel */,
				F5C73E8EDB07403F90520CD2 /* RelWithDebInfo */,
			);
			defaultConfigurationIsVisible = 0;
			defaultConfigurationName = Debug;
		};
		9F6942FDF3634964A036E4A7 /* Build configuration list for PBXNativeTarget "CMU462" */ = {
			isa = XCConfigurationList;
			buildConfigurations = (
				B58DCFAAC35549559C6C871C /* Debug */,
				F8D4E460800147959CF08E55 /* Release */,
				4967C0C1BA1947BF94640180 /* MinSizeRel */,
				27D844A323BA4C01891075FA /* RelWithDebInfo */,
			);
			defaultConfigurationIsVisible = 0;
			defaultConfigurationName = Debug;
		};
		CD2E4A2DA4744BFCAAEDA445 /* Build configuration list for PBXNativeTarget "glew" */ = {
			isa = XCConfigurationList;
			buildConfigurations = (
				7288D82A7ADB4AAC9B9072E0 /* Debug */,
				0F74CED00C8F420FA1C1785B /* Release */,
				0584918AD13C43BC9BF3998C /* MinSizeRel */,
				11CBED930D934253B45711E3 /* RelWithDebInfo */,
			);
			defaultConfigurationIsVisible = 0;
			defaultConfigurationName = Debug;
		};
		F406DB02415349EFB9678872 /* Build configuration list for PBXAggregateTarget "ZERO_CHECK" */ = {
			isa = XCConfigurationList;
			buildConfigurations = (
				738CA7FBE3C14154BFCD460E /* Debug */,
				A5EB3C9121CF4DD6ADA665C4 /* Release */,
				53852B216E3B429F891E9D98 /* MinSizeRel */,
				1D72C61D3917452E8AEDB54F /* RelWithDebInfo */,
			);
			defaultConfigurationIsVisible = 0;
			defaultConfigurationName = Debug;
		};
		F844B01209FD44AC90E4F287 /* Build configuration list for PBXNativeTarget "glfw" */ = {
			isa = XCConfigurationList;
			buildConfigurations = (
				A785AB3EF0594F7B9B8DA8C1 /* Debug */,
				B0A954442FEC43AD8BD3BD38 /* Release */,
				427BDAEBF1174A1BAC5E85E9 /* MinSizeRel */,
				2B58089E892B449889010795 /* RelWithDebInfo */,
			);
			defaultConfigurationIsVisible = 0;
			defaultConfigurationName = Debug;
		};
/* End XCConfigurationList section */
	};
	rootObject = 590371168D054DA59E567B73 /* Project object */;
}
